// !$*UTF8*$!
{
	archiveVersion = 1;
	classes = {
	};
	objectVersion = 56;
	objects = {

/* Begin PBXBuildFile section */
		2E3124CC69D226751ABF39A2 /* MidTrimApp.swift in Sources */ = {isa = PBXBuildFile; fileRef = 9212A0B40FB0C053721DF791 /* MidTrimApp.swift */; };
		3E17784F35CD73DE71D0C847 /* ProjectRepositoryProtocol.swift in Sources */ = {isa = PBXBuildFile; fileRef = 00B56862527A5DE7C2747F97 /* ProjectRepositoryProtocol.swift */; };
		40381E6587286391C9BF691F /* MidTrimUITestsLaunchTests.swift in Sources */ = {isa = PBXBuildFile; fileRef = 1DF09B315A53EB61234CC813 /* MidTrimUITestsLaunchTests.swift */; };
		45CAEA6CFC4E1E54024426AF /* Assets.xcassets in Resources */ = {isa = PBXBuildFile; fileRef = 106D2B321BD54CEFD61E17EB /* Assets.xcassets */; };
		4B69F2712D9E15A6183AB8E2 /* Project.swift in Sources */ = {isa = PBXBuildFile; fileRef = E4ED1C2129D111160AB45770 /* Project.swift */; };
		4E481994130BABB82E946136 /* MidTrimTests.swift in Sources */ = {isa = PBXBuildFile; fileRef = 567588BDA5CC68E54A5B578E /* MidTrimTests.swift */; };
		856C4755CF7D0C9AAD93BB4B /* SourceVideoItem.swift in Sources */ = {isa = PBXBuildFile; fileRef = EA7D942E24B581DD040AB7B6 /* SourceVideoItem.swift */; };
		8AE4F442DAF8FC5D14BAD22E /* SourceVideoItemRepositoryProtocol.swift in Sources */ = {isa = PBXBuildFile; fileRef = B7E1CBCD4D1F55BC8321ED51 /* SourceVideoItemRepositoryProtocol.swift */; };
		8C023B1CBBFC0392552F206C /* MidTrimUITests.swift in Sources */ = {isa = PBXBuildFile; fileRef = FED68176EFCBC605EF503ED0 /* MidTrimUITests.swift */; };
		AAD4F5B37B9809EE9F4E69DB /* ContentView.swift in Sources */ = {isa = PBXBuildFile; fileRef = 093B3257C30AB34AD47E14C3 /* ContentView.swift */; };
/* End PBXBuildFile section */

/* Begin PBXContainerItemProxy section */
		A7BC12603010FB9300DD3606 /* PBXContainerItemProxy */ = {
			isa = PBXContainerItemProxy;
			containerPortal = A7BC124A3010FB9200DD3606 /* Project object */;
			proxyType = 1;
			remoteGlobalIDString = A7BC12513010FB9200DD3606;
			remoteInfo = MidTrim;
		};
		A7BC126A3010FB9300DD3606 /* PBXContainerItemProxy */ = {
			isa = PBXContainerItemProxy;
			containerPortal = A7BC124A3010FB9200DD3606 /* Project object */;
			proxyType = 1;
			remoteGlobalIDString = A7BC12513010FB9200DD3606;
			remoteInfo = MidTrim;
		};
/* End PBXContainerItemProxy section */

/* Begin PBXFileReference section */
		00B56862527A5DE7C2747F97 /* ProjectRepositoryProtocol.swift */ = {isa = PBXFileReference; includeInIndex = 1; lastKnownFileType = sourcecode.swift; path = ProjectRepositoryProtocol.swift; sourceTree = "<group>"; };
		093B3257C30AB34AD47E14C3 /* ContentView.swift */ = {isa = PBXFileReference; includeInIndex = 1; lastKnownFileType = sourcecode.swift; path = ContentView.swift; sourceTree = "<group>"; };
		106D2B321BD54CEFD61E17EB /* Assets.xcassets */ = {isa = PBXFileReference; includeInIndex = 1; lastKnownFileType = folder.assetcatalog; path = Assets.xcassets; sourceTree = "<group>"; };
		1DF09B315A53EB61234CC813 /* MidTrimUITestsLaunchTests.swift */ = {isa = PBXFileReference; includeInIndex = 1; lastKnownFileType = sourcecode.swift; path = MidTrimUITestsLaunchTests.swift; sourceTree = "<group>"; };
		567588BDA5CC68E54A5B578E /* MidTrimTests.swift */ = {isa = PBXFileReference; includeInIndex = 1; lastKnownFileType = sourcecode.swift; path = MidTrimTests.swift; sourceTree = "<group>"; };
		9212A0B40FB0C053721DF791 /* MidTrimApp.swift */ = {isa = PBXFileReference; includeInIndex = 1; lastKnownFileType = sourcecode.swift; path = MidTrimApp.swift; sourceTree = "<group>"; };
		A7BC12523010FB9200DD3606 /* MidTrim.app */ = {isa = PBXFileReference; explicitFileType = wrapper.application; includeInIndex = 0; path = MidTrim.app; sourceTree = BUILT_PRODUCTS_DIR; };
		A7BC125F3010FB9300DD3606 /* MidTrimTests.xctest */ = {isa = PBXFileReference; explicitFileType = wrapper.cfbundle; includeInIndex = 0; path = MidTrimTests.xctest; sourceTree = BUILT_PRODUCTS_DIR; };
		A7BC12693010FB9300DD3606 /* MidTrimUITests.xctest */ = {isa = PBXFileReference; explicitFileType = wrapper.cfbundle; includeInIndex = 0; path = MidTrimUITests.xctest; sourceTree = BUILT_PRODUCTS_DIR; };
		B7E1CBCD4D1F55BC8321ED51 /* SourceVideoItemRepositoryProtocol.swift */ = {isa = PBXFileReference; includeInIndex = 1; lastKnownFileType = sourcecode.swift; path = SourceVideoItemRepositoryProtocol.swift; sourceTree = "<group>"; };
		E4ED1C2129D111160AB45770 /* Project.swift */ = {isa = PBXFileReference; includeInIndex = 1; lastKnownFileType = sourcecode.swift; path = Project.swift; sourceTree = "<group>"; };
		EA7D942E24B581DD040AB7B6 /* SourceVideoItem.swift */ = {isa = PBXFileReference; includeInIndex = 1; lastKnownFileType = sourcecode.swift; path = SourceVideoItem.swift; sourceTree = "<group>"; };
		FED68176EFCBC605EF503ED0 /* MidTrimUITests.swift */ = {isa = PBXFileReference; includeInIndex = 1; lastKnownFileType = sourcecode.swift; path = MidTrimUITests.swift; sourceTree = "<group>"; };
/* End PBXFileReference section */

/* Begin PBXFrameworksBuildPhase section */
		A7BC124F3010FB9200DD3606 /* Frameworks */ = {
			isa = PBXFrameworksBuildPhase;
			buildActionMask = 2147483647;
			files = (
			);
			runOnlyForDeploymentPostprocessing = 0;
		};
		A7BC125C3010FB9300DD3606 /* Frameworks */ = {
			isa = PBXFrameworksBuildPhase;
			buildActionMask = 2147483647;
			files = (
			);
			runOnlyForDeploymentPostprocessing = 0;
		};
		A7BC12663010FB9300DD3606 /* Frameworks */ = {
			isa = PBXFrameworksBuildPhase;
			buildActionMask = 2147483647;
			files = (
			);
			runOnlyForDeploymentPostprocessing = 0;
		};
/* End PBXFrameworksBuildPhase section */

/* Begin PBXGroup section */
		3BA28B0B0A2F22FE1188AE9A /* Data */ = {
			isa = PBXGroup;
			children = (
				EA7D942E24B581DD040AB7B6 /* SourceVideoItem.swift */,
				E4ED1C2129D111160AB45770 /* Project.swift */,
				B7E1CBCD4D1F55BC8321ED51 /* SourceVideoItemRepositoryProtocol.swift */,
				00B56862527A5DE7C2747F97 /* ProjectRepositoryProtocol.swift */,
			);
			name = Data;
			path = Data;
			sourceTree = "<group>";
		};
		4AF45AB6098A374AA7104AB1 /* MidTrimUITests */ = {
			isa = PBXGroup;
			children = (
				1DF09B315A53EB61234CC813 /* MidTrimUITestsLaunchTests.swift */,
				FED68176EFCBC605EF503ED0 /* MidTrimUITests.swift */,
			);
			name = MidTrimUITests;
			path = MidTrimUITests;
			sourceTree = "<group>";
		};
		998B32061E865772314E67D3 /* MidTrimTests */ = {
			isa = PBXGroup;
			children = (
				567588BDA5CC68E54A5B578E /* MidTrimTests.swift */,
			);
			name = MidTrimTests;
			path = MidTrimTests;
			sourceTree = "<group>";
		};
		A7BC12493010FB9200DD3606 = {
			isa = PBXGroup;
			children = (
				F0A4D28CA905DD154356ACCA /* MidTrim */,
				998B32061E865772314E67D3 /* MidTrimTests */,
				4AF45AB6098A374AA7104AB1 /* MidTrimUITests */,
				A7BC12533010FB9200DD3606 /* Products */,
			);
			sourceTree = "<group>";
		};
		A7BC12533010FB9200DD3606 /* Products */ = {
			isa = PBXGroup;
			children = (
				A7BC12523010FB9200DD3606 /* MidTrim.app */,
				A7BC125F3010FB9300DD3606 /* MidTrimTests.xctest */,
				A7BC12693010FB9300DD3606 /* MidTrimUITests.xctest */,
			);
			name = Products;
			sourceTree = "<group>";
		};
		F0A4D28CA905DD154356ACCA /* MidTrim */ = {
			isa = PBXGroup;
			children = (
				3BA28B0B0A2F22FE1188AE9A /* Data */,
				9212A0B40FB0C053721DF791 /* MidTrimApp.swift */,
				093B3257C30AB34AD47E14C3 /* ContentView.swift */,
				106D2B321BD54CEFD61E17EB /* Assets.xcassets */,
			);
			name = MidTrim;
			path = MidTrim;
			sourceTree = "<group>";
		};
/* End PBXGroup section */

/* Begin PBXNativeTarget section */
		A7BC12513010FB9200DD3606 /* MidTrim */ = {
			isa = PBXNativeTarget;
			buildConfigurationList = A7BC12733010FB9300DD3606 /* Build configuration list for PBXNativeTarget "MidTrim" */;
			buildPhases = (
				A7BC124E3010FB9200DD3606 /* Sources */,
				A7BC124F3010FB9200DD3606 /* Frameworks */,
				A7BC12503010FB9200DD3606 /* Resources */,
			);
			buildRules = (
			);
			dependencies = (
			);
			name = MidTrim;
			productName = MidTrim;
			productReference = A7BC12523010FB9200DD3606 /* MidTrim.app */;
			productType = "com.apple.product-type.application";
		};
		A7BC125E3010FB9300DD3606 /* MidTrimTests */ = {
			isa = PBXNativeTarget;
			buildConfigurationList = A7BC12763010FB9300DD3606 /* Build configuration list for PBXNativeTarget "MidTrimTests" */;
			buildPhases = (
				A7BC125B3010FB9300DD3606 /* Sources */,
				A7BC125C3010FB9300DD3606 /* Frameworks */,
				A7BC125D3010FB9300DD3606 /* Resources */,
			);
			buildRules = (
			);
			dependencies = (
				A7BC12613010FB9300DD3606 /* PBXTargetDependency */,
			);
			name = MidTrimTests;
			productName = MidTrimTests;
			productReference = A7BC125F3010FB9300DD3606 /* MidTrimTests.xctest */;
			productType = "com.apple.product-type.bundle.unit-test";
		};
		A7BC12683010FB9300DD3606 /* MidTrimUITests */ = {
			isa = PBXNativeTarget;
			buildConfigurationList = A7BC12793010FB9300DD3606 /* Build configuration list for PBXNativeTarget "MidTrimUITests" */;
			buildPhases = (
				A7BC12653010FB9300DD3606 /* Sources */,
				A7BC12663010FB9300DD3606 /* Frameworks */,
				A7BC12673010FB9300DD3606 /* Resources */,
			);
			buildRules = (
			);
			dependencies = (
				A7BC126B3010FB9300DD3606 /* PBXTargetDependency */,
			);
			name = MidTrimUITests;
			productName = MidTrimUITests;
			productReference = A7BC12693010FB9300DD3606 /* MidTrimUITests.xctest */;
			productType = "com.apple.product-type.bundle.ui-testing";
		};
/* End PBXNativeTarget section */

/* Begin PBXProject section */
		A7BC124A3010FB9200DD3606 /* Project object */ = {
			isa = PBXProject;
			attributes = {
				BuildIndependentTargetsInParallel = 1;
				LastSwiftUpdateCheck = 2650;
				LastUpgradeCheck = 2650;
				TargetAttributes = {
					A7BC12513010FB9200DD3606 = {
						CreatedOnToolsVersion = 26.5;
					};
					A7BC125E3010FB9300DD3606 = {
						CreatedOnToolsVersion = 26.5;
						TestTargetID = A7BC12513010FB9200DD3606;
					};
					A7BC12683010FB9300DD3606 = {
						CreatedOnToolsVersion = 26.5;
						TestTargetID = A7BC12513010FB9200DD3606;
					};
				};
			};
			buildConfigurationList = A7BC124D3010FB9200DD3606 /* Build configuration list for PBXProject "MidTrim" */;
			developmentRegion = en;
			hasScannedForEncodings = 0;
			knownRegions = (
				en,
				Base,
			);
			mainGroup = A7BC12493010FB9200DD3606;
			productRefGroup = A7BC12533010FB9200DD3606 /* Products */;
			projectDirPath = "";
			projectRoot = "";
			targets = (
				A7BC12513010FB9200DD3606 /* MidTrim */,
				A7BC125E3010FB9300DD3606 /* MidTrimTests */,
				A7BC12683010FB9300DD3606 /* MidTrimUITests */,
			);
		};
/* End PBXProject section */

/* Begin PBXResourcesBuildPhase section */
		A7BC12503010FB9200DD3606 /* Resources */ = {
			isa = PBXResourcesBuildPhase;
			buildActionMask = 2147483647;
			files = (
				45CAEA6CFC4E1E54024426AF /* Assets.xcassets in Resources */,
			);
			runOnlyForDeploymentPostprocessing = 0;
		};
		A7BC125D3010FB9300DD3606 /* Resources */ = {
			isa = PBXResourcesBuildPhase;
			buildActionMask = 2147483647;
			files = (
			);
			runOnlyForDeploymentPostprocessing = 0;
		};
		A7BC12673010FB9300DD3606 /* Resources */ = {
			isa = PBXResourcesBuildPhase;
			buildActionMask = 2147483647;
			files = (
			);
			runOnlyForDeploymentPostprocessing = 0;
		};
/* End PBXResourcesBuildPhase section */

/* Begin PBXSourcesBuildPhase section */
		A7BC124E3010FB9200DD3606 /* Sources */ = {
			isa = PBXSourcesBuildPhase;
			buildActionMask = 2147483647;
			files = (
				2E3124CC69D226751ABF39A2 /* MidTrimApp.swift in Sources */,
				856C4755CF7D0C9AAD93BB4B /* SourceVideoItem.swift in Sources */,
				4B69F2712D9E15A6183AB8E2 /* Project.swift in Sources */,
				8AE4F442DAF8FC5D14BAD22E /* SourceVideoItemRepositoryProtocol.swift in Sources */,
				3E17784F35CD73DE71D0C847 /* ProjectRepositoryProtocol.swift in Sources */,
				AAD4F5B37B9809EE9F4E69DB /* ContentView.swift in Sources */,
			);
			runOnlyForDeploymentPostprocessing = 0;
		};
		A7BC125B3010FB9300DD3606 /* Sources */ = {
			isa = PBXSourcesBuildPhase;
			buildActionMask = 2147483647;
			files = (
				4E481994130BABB82E946136 /* MidTrimTests.swift in Sources */,
			);
			runOnlyForDeploymentPostprocessing = 0;
		};
		A7BC12653010FB9300DD3606 /* Sources */ = {
			isa = PBXSourcesBuildPhase;
			buildActionMask = 2147483647;
			files = (
				40381E6587286391C9BF691F /* MidTrimUITestsLaunchTests.swift in Sources */,
				8C023B1CBBFC0392552F206C /* MidTrimUITests.swift in Sources */,
			);
			runOnlyForDeploymentPostprocessing = 0;
		};
/* End PBXSourcesBuildPhase section */

/* Begin PBXTargetDependency section */
		A7BC12613010FB9300DD3606 /* PBXTargetDependency */ = {
			isa = PBXTargetDependency;
			target = A7BC12513010FB9200DD3606 /* MidTrim */;
			targetProxy = A7BC12603010FB9300DD3606 /* PBXContainerItemProxy */;
		};
		A7BC126B3010FB9300DD3606 /* PBXTargetDependency */ = {
			isa = PBXTargetDependency;
			target = A7BC12513010FB9200DD3606 /* MidTrim */;
			targetProxy = A7BC126A3010FB9300DD3606 /* PBXContainerItemProxy */;
		};
/* End PBXTargetDependency section */

/* Begin XCBuildConfiguration section */
		A7BC12713010FB9300DD3606 /* Debug */ = {
			isa = XCBuildConfiguration;
			buildSettings = {
				ALWAYS_SEARCH_USER_PATHS = NO;
				ASSETCATALOG_COMPILER_GENERATE_SWIFT_ASSET_SYMBOL_EXTENSIONS = YES;
				CLANG_ANALYZER_NONNULL = YES;
				CLANG_ANALYZER_NUMBER_OBJECT_CONVERSION = YES_AGGRESSIVE;
				CLANG_CXX_LANGUAGE_STANDARD = "gnu++20";
				CLANG_ENABLE_MODULES = YES;
				CLANG_ENABLE_OBJC_ARC = YES;
				CLANG_ENABLE_OBJC_WEAK = YES;
				CLANG_WARN_BLOCK_CAPTURE_AUTORELEASING = YES;
				CLANG_WARN_BOOL_CONVERSION = YES;
				CLANG_WARN_COMMA = YES;
				CLANG_WARN_CONSTANT_CONVERSION = YES;
				CLANG_WARN_DEPRECATED_OBJC_IMPLEMENTATIONS = YES;
				CLANG_WARN_DIRECT_OBJC_ISA_USAGE = YES_ERROR;
				CLANG_WARN_DOCUMENTATION_COMMENTS = YES;
				CLANG_WARN_EMPTY_BODY = YES;
				CLANG_WARN_ENUM_CONVERSION = YES;
				CLANG_WARN_INFINITE_RECURSION = YES;
				CLANG_WARN_INT_CONVERSION = YES;
				CLANG_WARN_NON_LITERAL_NULL_CONVERSION = YES;
				CLANG_WARN_OBJC_IMPLICIT_RETAIN_SELF = YES;
				CLANG_WARN_OBJC_LITERAL_CONVERSION = YES;
				CLANG_WARN_OBJC_ROOT_CLASS = YES_ERROR;
				CLANG_WARN_QUOTED_INCLUDE_IN_FRAMEWORK_HEADER = YES;
				CLANG_WARN_RANGE_LOOP_ANALYSIS = YES;
				CLANG_WARN_STRICT_PROTOTYPES = YES;
				CLANG_WARN_SUSPICIOUS_MOVE = YES;
				CLANG_WARN_UNGUARDED_AVAILABILITY = YES_AGGRESSIVE;
				CLANG_WARN_UNREACHABLE_CODE = YES;
				CLANG_WARN__DUPLICATE_METHOD_MATCH = YES;
				COPY_PHASE_STRIP = NO;
				DEBUG_INFORMATION_FORMAT = dwarf;
				ENABLE_STRICT_OBJC_MSGSEND = YES;
				ENABLE_TESTABILITY = YES;
				ENABLE_USER_SCRIPT_SANDBOXING = YES;
				GCC_C_LANGUAGE_STANDARD = gnu17;
				GCC_DYNAMIC_NO_PIC = NO;
				GCC_NO_COMMON_BLOCKS = YES;
				GCC_OPTIMIZATION_LEVEL = 0;
				GCC_PREPROCESSOR_DEFINITIONS = (
					"DEBUG=1",
					"$(inherited)",
				);
				GCC_WARN_64_TO_32_BIT_CONVERSION = YES;
				GCC_WARN_ABOUT_RETURN_TYPE = YES_ERROR;
				GCC_WARN_UNDECLARED_SELECTOR = YES;
				GCC_WARN_UNINITIALIZED_AUTOS = YES_AGGRESSIVE;
				GCC_WARN_UNUSED_FUNCTION = YES;
				GCC_WARN_UNUSED_VARIABLE = YES;
				IPHONEOS_DEPLOYMENT_TARGET = 17.0;
				LOCALIZATION_PREFERS_STRING_CATALOGS = YES;
				MTL_ENABLE_DEBUG_INFO = INCLUDE_SOURCE;
				MTL_FAST_MATH = YES;
				ONLY_ACTIVE_ARCH = YES;
				SDKROOT = iphoneos;
				SWIFT_ACTIVE_COMPILATION_CONDITIONS = "DEBUG $(inherited)";
				SWIFT_OPTIMIZATION_LEVEL = "-Onone";
			};
			name = Debug;
		};
		A7BC12723010FB9300DD3606 /* Release */ = {
			isa = XCBuildConfiguration;
			buildSettings = {
				ALWAYS_SEARCH_USER_PATHS = NO;
				ASSETCATALOG_COMPILER_GENERATE_SWIFT_ASSET_SYMBOL_EXTENSIONS = YES;
				CLANG_ANALYZER_NONNULL = YES;
				CLANG_ANALYZER_NUMBER_OBJECT_CONVERSION = YES_AGGRESSIVE;
				CLANG_CXX_LANGUAGE_STANDARD = "gnu++20";
				CLANG_ENABLE_MODULES = YES;
				CLANG_ENABLE_OBJC_ARC = YES;
				CLANG_ENABLE_OBJC_WEAK = YES;
				CLANG_WARN_BLOCK_CAPTURE_AUTORELEASING = YES;
				CLANG_WARN_BOOL_CONVERSION = YES;
				CLANG_WARN_COMMA = YES;
				CLANG_WARN_CONSTANT_CONVERSION = YES;
				CLANG_WARN_DEPRECATED_OBJC_IMPLEMENTATIONS = YES;
				CLANG_WARN_DIRECT_OBJC_ISA_USAGE = YES_ERROR;
				CLANG_WARN_DOCUMENTATION_COMMENTS = YES;
				CLANG_WARN_EMPTY_BODY = YES;
				CLANG_WARN_ENUM_CONVERSION = YES;
				CLANG_WARN_INFINITE_RECURSION = YES;
				CLANG_WARN_INT_CONVERSION = YES;
				CLANG_WARN_NON_LITERAL_NULL_CONVERSION = YES;
				CLANG_WARN_OBJC_IMPLICIT_RETAIN_SELF = YES;
				CLANG_WARN_OBJC_LITERAL_CONVERSION = YES;
				CLANG_WARN_OBJC_ROOT_CLASS = YES_ERROR;
				CLANG_WARN_QUOTED_INCLUDE_IN_FRAMEWORK_HEADER = YES;
				CLANG_WARN_RANGE_LOOP_ANALYSIS = YES;
				CLANG_WARN_STRICT_PROTOTYPES = YES;
				CLANG_WARN_SUSPICIOUS_MOVE = YES;
				CLANG_WARN_UNGUARDED_AVAILABILITY = YES_AGGRESSIVE;
				CLANG_WARN_UNREACHABLE_CODE = YES;
				CLANG_WARN__DUPLICATE_METHOD_MATCH = YES;
				COPY_PHASE_STRIP = NO;
				DEBUG_INFORMATION_FORMAT = "dwarf-with-dsym";
				ENABLE_NS_ASSERTIONS = NO;
				ENABLE_STRICT_OBJC_MSGSEND = YES;
				ENABLE_USER_SCRIPT_SANDBOXING = YES;
				GCC_C_LANGUAGE_STANDARD = gnu17;
				GCC_NO_COMMON_BLOCKS = YES;
				GCC_WARN_64_TO_32_BIT_CONVERSION = YES;
				GCC_WARN_ABOUT_RETURN_TYPE = YES_ERROR;
				GCC_WARN_UNDECLARED_SELECTOR = YES;
				GCC_WARN_UNINITIALIZED_AUTOS = YES_AGGRESSIVE;
				GCC_WARN_UNUSED_FUNCTION = YES;
				GCC_WARN_UNUSED_VARIABLE = YES;
				IPHONEOS_DEPLOYMENT_TARGET = 17.0;
				LOCALIZATION_PREFERS_STRING_CATALOGS = YES;
				MTL_ENABLE_DEBUG_INFO = NO;
				MTL_FAST_MATH = YES;
				SDKROOT = iphoneos;
				SWIFT_COMPILATION_MODE = wholemodule;
				VALIDATE_PRODUCT = YES;
			};
			name = Release;
		};
		A7BC12743010FB9300DD3606 /* Debug */ = {
			isa = XCBuildConfiguration;
			buildSettings = {
ASSETCATALOG_COMPILER_GLOBAL_ACCENT_COLOR_NAME = AccentColor;
			CODE_SIGN_STYLE = Automatic;
				CURRENT_PROJECT_VERSION = 1;
				ENABLE_PREVIEWS = YES;
				GENERATE_INFOPLIST_FILE = YES;
				INFOPLIST_KEY_UIApplicationSceneManifest_Generation = YES;
				INFOPLIST_KEY_UIApplicationSupportsIndirectInputEvents = YES;
				INFOPLIST_KEY_UILaunchScreen_Generation = YES;
				INFOPLIST_KEY_UISupportedInterfaceOrientations_iPad = "UIInterfaceOrientationPortrait UIInterfaceOrientationPortraitUpsideDown UIInterfaceOrientationLandscapeLeft UIInterfaceOrientationLandscapeRight";
				INFOPLIST_KEY_UISupportedInterfaceOrientations_iPhone = "UIInterfaceOrientationPortrait UIInterfaceOrientationLandscapeLeft UIInterfaceOrientationLandscapeRight";
				LD_RUNPATH_SEARCH_PATHS = (
					"$(inherited)",
					"@executable_path/Frameworks",
				);
				MARKETING_VERSION = 1.0;
				PRODUCT_BUNDLE_IDENTIFIER = com.izzatismail.MidTrim;
				PRODUCT_NAME = "$(TARGET_NAME)";
				STRING_CATALOG_GENERATE_SYMBOLS = YES;
				SWIFT_STRICT_CONCURRENCY = complete;
				SWIFT_EMIT_LOC_STRINGS = YES;
				SWIFT_UPCOMING_FEATURE_MEMBER_IMPORT_VISIBILITY = YES;
				SWIFT_VERSION = 5.0;
				TARGETED_DEVICE_FAMILY = "1,2";
			};
			name = Debug;
		};
		A7BC12753010FB9300DD3606 /* Release */ = {
			isa = XCBuildConfiguration;
			buildSettings = {
ASSETCATALOG_COMPILER_GLOBAL_ACCENT_COLOR_NAME = AccentColor;
			CODE_SIGN_STYLE = Automatic;
				CURRENT_PROJECT_VERSION = 1;
				ENABLE_PREVIEWS = YES;
				GENERATE_INFOPLIST_FILE = YES;
				INFOPLIST_KEY_UIApplicationSceneManifest_Generation = YES;
				INFOPLIST_KEY_UIApplicationSupportsIndirectInputEvents = YES;
				INFOPLIST_KEY_UILaunchScreen_Generation = YES;
				INFOPLIST_KEY_UISupportedInterfaceOrientations_iPad = "UIInterfaceOrientationPortrait UIInterfaceOrientationPortraitUpsideDown UIInterfaceOrientationLandscapeLeft UIInterfaceOrientationLandscapeRight";
				INFOPLIST_KEY_UISupportedInterfaceOrientations_iPhone = "UIInterfaceOrientationPortrait UIInterfaceOrientationLandscapeLeft UIInterfaceOrientationLandscapeRight";
				LD_RUNPATH_SEARCH_PATHS = (
					"$(inherited)",
					"@executable_path/Frameworks",
				);
				MARKETING_VERSION = 1.0;
				PRODUCT_BUNDLE_IDENTIFIER = com.izzatismail.MidTrim;
				PRODUCT_NAME = "$(TARGET_NAME)";
				STRING_CATALOG_GENERATE_SYMBOLS = YES;
				SWIFT_STRICT_CONCURRENCY = complete;
				SWIFT_EMIT_LOC_STRINGS = YES;
				SWIFT_UPCOMING_FEATURE_MEMBER_IMPORT_VISIBILITY = YES;
				SWIFT_VERSION = 5.0;
				TARGETED_DEVICE_FAMILY = "1,2";
			};
			name = Release;
		};
		A7BC12773010FB9300DD3606 /* Debug */ = {
			isa = XCBuildConfiguration;
			buildSettings = {
				BUNDLE_LOADER = "$(TEST_HOST)";
				CODE_SIGN_STYLE = Automatic;
				CURRENT_PROJECT_VERSION = 1;
				GENERATE_INFOPLIST_FILE = YES;
				IPHONEOS_DEPLOYMENT_TARGET = 17.0;
				MARKETING_VERSION = 1.0;
				PRODUCT_BUNDLE_IDENTIFIER = com.izzatismail.MidTrimTests;
				PRODUCT_NAME = "$(TARGET_NAME)";
				STRING_CATALOG_GENERATE_SYMBOLS = NO;
				SWIFT_STRICT_CONCURRENCY = complete;
				SWIFT_EMIT_LOC_STRINGS = NO;
				SWIFT_UPCOMING_FEATURE_MEMBER_IMPORT_VISIBILITY = YES;
				SWIFT_VERSION = 5.0;
				TARGETED_DEVICE_FAMILY = "1,2";
				TEST_HOST = "$(BUILT_PRODUCTS_DIR)/MidTrim.app/$(BUNDLE_EXECUTABLE_FOLDER_PATH)/MidTrim";
			};
			name = Debug;
		};
		A7BC12783010FB9300DD3606 /* Release */ = {
			isa = XCBuildConfiguration;
			buildSettings = {
				BUNDLE_LOADER = "$(TEST_HOST)";
				CODE_SIGN_STYLE = Automatic;
				CURRENT_PROJECT_VERSION = 1;
				GENERATE_INFOPLIST_FILE = YES;
				IPHONEOS_DEPLOYMENT_TARGET = 17.0;
				MARKETING_VERSION = 1.0;
				PRODUCT_BUNDLE_IDENTIFIER = com.izzatismail.MidTrimTests;
				PRODUCT_NAME = "$(TARGET_NAME)";
				STRING_CATALOG_GENERATE_SYMBOLS = NO;
				SWIFT_STRICT_CONCURRENCY = complete;
				SWIFT_EMIT_LOC_STRINGS = NO;
				SWIFT_UPCOMING_FEATURE_MEMBER_IMPORT_VISIBILITY = YES;
				SWIFT_VERSION = 5.0;
				TARGETED_DEVICE_FAMILY = "1,2";
				TEST_HOST = "$(BUILT_PRODUCTS_DIR)/MidTrim.app/$(BUNDLE_EXECUTABLE_FOLDER_PATH)/MidTrim";
			};
			name = Release;
		};
		A7BC127A3010FB9300DD3606 /* Debug */ = {
			isa = XCBuildConfiguration;
			buildSettings = {
				CODE_SIGN_STYLE = Automatic;
				CURRENT_PROJECT_VERSION = 1;
				GENERATE_INFOPLIST_FILE = YES;
				MARKETING_VERSION = 1.0;
				PRODUCT_BUNDLE_IDENTIFIER = com.izzatismail.MidTrimUITests;
				PRODUCT_NAME = "$(TARGET_NAME)";
				STRING_CATALOG_GENERATE_SYMBOLS = NO;
				SWIFT_STRICT_CONCURRENCY = complete;
				SWIFT_EMIT_LOC_STRINGS = NO;
				SWIFT_UPCOMING_FEATURE_MEMBER_IMPORT_VISIBILITY = YES;
				SWIFT_VERSION = 5.0;
				TARGETED_DEVICE_FAMILY = "1,2";
				TEST_TARGET_NAME = MidTrim;
			};
			name = Debug;
		};
		A7BC127B3010FB9300DD3606 /* Release */ = {
			isa = XCBuildConfiguration;
			buildSettings = {
				CODE_SIGN_STYLE = Automatic;
				CURRENT_PROJECT_VERSION = 1;
				GENERATE_INFOPLIST_FILE = YES;
				MARKETING_VERSION = 1.0;
				PRODUCT_BUNDLE_IDENTIFIER = com.izzatismail.MidTrimUITests;
				PRODUCT_NAME = "$(TARGET_NAME)";
				STRING_CATALOG_GENERATE_SYMBOLS = NO;
				SWIFT_STRICT_CONCURRENCY = complete;
				SWIFT_EMIT_LOC_STRINGS = NO;
				SWIFT_UPCOMING_FEATURE_MEMBER_IMPORT_VISIBILITY = YES;
				SWIFT_VERSION = 5.0;
				TARGETED_DEVICE_FAMILY = "1,2";
				TEST_TARGET_NAME = MidTrim;
			};
			name = Release;
		};
/* End XCBuildConfiguration section */

/* Begin XCConfigurationList section */
		A7BC124D3010FB9200DD3606 /* Build configuration list for PBXProject "MidTrim" */ = {
			isa = XCConfigurationList;
			buildConfigurations = (
				A7BC12713010FB9300DD3606 /* Debug */,
				A7BC12723010FB9300DD3606 /* Release */,
			);
			defaultConfigurationIsVisible = 0;
			defaultConfigurationName = Release;
		};
		A7BC12733010FB9300DD3606 /* Build configuration list for PBXNativeTarget "MidTrim" */ = {
			isa = XCConfigurationList;
			buildConfigurations = (
				A7BC12743010FB9300DD3606 /* Debug */,
				A7BC12753010FB9300DD3606 /* Release */,
			);
			defaultConfigurationIsVisible = 0;
			defaultConfigurationName = Release;
		};
		A7BC12763010FB9300DD3606 /* Build configuration list for PBXNativeTarget "MidTrimTests" */ = {
			isa = XCConfigurationList;
			buildConfigurations = (
				A7BC12773010FB9300DD3606 /* Debug */,
				A7BC12783010FB9300DD3606 /* Release */,
			);
			defaultConfigurationIsVisible = 0;
			defaultConfigurationName = Release;
		};
		A7BC12793010FB9300DD3606 /* Build configuration list for PBXNativeTarget "MidTrimUITests" */ = {
			isa = XCConfigurationList;
			buildConfigurations = (
				A7BC127A3010FB9300DD3606 /* Debug */,
				A7BC127B3010FB9300DD3606 /* Release */,
			);
			defaultConfigurationIsVisible = 0;
			defaultConfigurationName = Release;
		};
/* End XCConfigurationList section */
	};
	rootObject = A7BC124A3010FB9200DD3606 /* Project object */;
}
