// !$*UTF8*$!
{
	archiveVersion = 1;
	classes = {
	};
	objectVersion = 56;
	objects = {

/* Begin PBXBuildFile section */
		06B5D012D2E4AA715E2D51CE /* FetchProjectsUseCase.swift in Sources */ = {isa = PBXBuildFile; fileRef = AC58E5FBF95EA16406D08642 /* FetchProjectsUseCase.swift */; };
		0C55EFDA33BAD6F618DB0AD0 /* TrimWindow.swift in Sources */ = {isa = PBXBuildFile; fileRef = A2D79C1B93F351F768ACD7D9 /* TrimWindow.swift */; };
		18E9D0F2462ADA6B54CAE2C1 /* SaveProjectUseCaseTests.swift in Sources */ = {isa = PBXBuildFile; fileRef = 746EE8078044A853C22CD862 /* SaveProjectUseCaseTests.swift */; };
		212CFEBA6F06687F859D4D11 /* VideoProcessingProtocols.swift in Sources */ = {isa = PBXBuildFile; fileRef = A5CAA363F35E9ACA3A318FA0 /* VideoProcessingProtocols.swift */; };
		243D647CCE34A1FDB4A168D8 /* SaveProjectUseCase.swift in Sources */ = {isa = PBXBuildFile; fileRef = D6DB8E3ABC82BCF827F58EA4 /* SaveProjectUseCase.swift */; };
		288626AAFFD75075A21BBDF0 /* FetchProjectsUseCaseTests.swift in Sources */ = {isa = PBXBuildFile; fileRef = 3A20A13490996F67828813B4 /* FetchProjectsUseCaseTests.swift */; };
		2E3124CC69D226751ABF39A2 /* MidTrimApp.swift in Sources */ = {isa = PBXBuildFile; fileRef = 9212A0B40FB0C053721DF791 /* MidTrimApp.swift */; };
		40381E6587286391C9BF691F /* MidTrimUITestsLaunchTests.swift in Sources */ = {isa = PBXBuildFile; fileRef = 1DF09B315A53EB61234CC813 /* MidTrimUITestsLaunchTests.swift */; };
		45CAEA6CFC4E1E54024426AF /* Assets.xcassets in Resources */ = {isa = PBXBuildFile; fileRef = 106D2B321BD54CEFD61E17EB /* Assets.xcassets */; };
		48057449088DD9691C3BB7E9 /* CalculateMergedDurationUseCase.swift in Sources */ = {isa = PBXBuildFile; fileRef = 400B84DFD474F4195A460C7F /* CalculateMergedDurationUseCase.swift */; };
		4ACB50E8805478A78ABEE141 /* PurchaseEntitlementUseCase.swift in Sources */ = {isa = PBXBuildFile; fileRef = F474DD0259790635007426B5 /* PurchaseEntitlementUseCase.swift */; };
		4B69F2712D9E15A6183AB8E2 /* Project.swift in Sources */ = {isa = PBXBuildFile; fileRef = E4ED1C2129D111160AB45770 /* Project.swift */; };
		4D28B1FBB9185621B6B3C93A /* ValidateTrimDurationUseCase.swift in Sources */ = {isa = PBXBuildFile; fileRef = 1788F9A040B0E72541C7A55D /* ValidateTrimDurationUseCase.swift */; };
		4E481994130BABB82E946136 /* MidTrimTests.swift in Sources */ = {isa = PBXBuildFile; fileRef = 567588BDA5CC68E54A5B578E /* MidTrimTests.swift */; };
		4F3F93F9F44353F8A79F0529 /* ProjectInfo.swift in Sources */ = {isa = PBXBuildFile; fileRef = E6C2AAC28D4A8E49F5E3F4FA /* ProjectInfo.swift */; };
		5F2869A367470FD45A7BC54D /* FetchEntitlementStatusUseCase.swift in Sources */ = {isa = PBXBuildFile; fileRef = 178DD025AD5EA42580C06F7D /* FetchEntitlementStatusUseCase.swift */; };
		5FDA7AAD7428D6DACA5CDF0E /* ImportVideosUseCase.swift in Sources */ = {isa = PBXBuildFile; fileRef = 15F9287E379D362E90EEBAC2 /* ImportVideosUseCase.swift */; };
		6464D53595A80C1C695A24DA /* DeleteProjectUseCaseTests.swift in Sources */ = {isa = PBXBuildFile; fileRef = 2610E25E930F6818120686FA /* DeleteProjectUseCaseTests.swift */; };
		70AAA1BC8BF015FBF426192E /* ProjectRepositoryProtocol.swift in Sources */ = {isa = PBXBuildFile; fileRef = 6869BE4DB21399AF300ADB0B /* ProjectRepositoryProtocol.swift */; };
		73410CA5A6A67241F4F98C8A /* GenerateThumbnailUseCase.swift in Sources */ = {isa = PBXBuildFile; fileRef = 5C7C475B11A18AD2A273FC8A /* GenerateThumbnailUseCase.swift */; };
		7F9CAEE614FAE20B57620F54 /* StoreKitServiceProtocol.swift in Sources */ = {isa = PBXBuildFile; fileRef = BC09787CA141E660B2A0933C /* StoreKitServiceProtocol.swift */; };
		80E77995993BD1436EFA3863 /* ReorderVideosUseCase.swift in Sources */ = {isa = PBXBuildFile; fileRef = 5DFA507D65F48F4245BA01D3 /* ReorderVideosUseCase.swift */; };
		8262E39D7E504B57538EE94B /* RenameProjectUseCaseTests.swift in Sources */ = {isa = PBXBuildFile; fileRef = 66C6348478A004097D3FFF92 /* RenameProjectUseCaseTests.swift */; };
		856C4755CF7D0C9AAD93BB4B /* SourceVideoItem.swift in Sources */ = {isa = PBXBuildFile; fileRef = EA7D942E24B581DD040AB7B6 /* SourceVideoItem.swift */; };
		8ABDE8494E5C63893CC5B61C /* MergeVideoSegmentsUseCaseTests.swift in Sources */ = {isa = PBXBuildFile; fileRef = AD0E71AA12352A17D1D77066 /* MergeVideoSegmentsUseCaseTests.swift */; };
		8C023B1CBBFC0392552F206C /* MidTrimUITests.swift in Sources */ = {isa = PBXBuildFile; fileRef = FED68176EFCBC605EF503ED0 /* MidTrimUITests.swift */; };
		9611DE36A6B5BD0AD706D0E7 /* CalculateMergedDurationUseCaseTests.swift in Sources */ = {isa = PBXBuildFile; fileRef = 2C4874638D734E45D07DD0B1 /* CalculateMergedDurationUseCaseTests.swift */; };
		A5E1E14F101D16139A3BEC84 /* VideoFileRepositoryProtocol.swift in Sources */ = {isa = PBXBuildFile; fileRef = 4EF59391A3068C54469B5901 /* VideoFileRepositoryProtocol.swift */; };
		A65136783BBF727D7BF89A8B /* MergeVideoSegmentsUseCase.swift in Sources */ = {isa = PBXBuildFile; fileRef = 0D4CEC3A621DFED1C285ECE7 /* MergeVideoSegmentsUseCase.swift */; };
		AAD4F5B37B9809EE9F4E69DB /* ContentView.swift in Sources */ = {isa = PBXBuildFile; fileRef = 093B3257C30AB34AD47E14C3 /* ContentView.swift */; };
		B8DF561EB2C88A0265829518 /* TrimVideoUseCase.swift in Sources */ = {isa = PBXBuildFile; fileRef = 41C2C37D59E4A441833CAF44 /* TrimVideoUseCase.swift */; };
		B9A3683A4A8D183CF0512ABB /* ImportVideosUseCaseTests.swift in Sources */ = {isa = PBXBuildFile; fileRef = 8BF4E4B14246E9B36C8FFA47 /* ImportVideosUseCaseTests.swift */; };
		BBF712F34BC20FAA4A319AAE /* TrimVideoUseCaseTests.swift in Sources */ = {isa = PBXBuildFile; fileRef = 638D41770751B21041D784BF /* TrimVideoUseCaseTests.swift */; };
		BFCDB2F4D64F67DD11D97779 /* ReorderVideosUseCaseTests.swift in Sources */ = {isa = PBXBuildFile; fileRef = FDB3D6A28101181DE584F8C2 /* ReorderVideosUseCaseTests.swift */; };
		C3775FF66A64184B48E72379 /* DeleteProjectUseCase.swift in Sources */ = {isa = PBXBuildFile; fileRef = A9224F924CED95677C9B8CD9 /* DeleteProjectUseCase.swift */; };
		CD5F3251FC503D8150EB5C97 /* RestoreEntitlementUseCase.swift in Sources */ = {isa = PBXBuildFile; fileRef = 9C6AB444D3073F653B0D9B36 /* RestoreEntitlementUseCase.swift */; };
		CDE38CF7BA043C940753E347 /* ResolveExportQualityUseCase.swift in Sources */ = {isa = PBXBuildFile; fileRef = 2CE54A93E9574FDE5ABF8E44 /* ResolveExportQualityUseCase.swift */; };
		CF7DA76EB5CDFA561B2E362D /* VideoMetadata.swift in Sources */ = {isa = PBXBuildFile; fileRef = 8252ECF942D23797E2983995 /* VideoMetadata.swift */; };
		D0EED0D4E447E0844F1BF4B2 /* GenerateThumbnailUseCaseTests.swift in Sources */ = {isa = PBXBuildFile; fileRef = E9A5DD35B592B414B5CA2FC8 /* GenerateThumbnailUseCaseTests.swift */; };
		D23B22F0F83896D109B42EC6 /* IAPUseCaseTests.swift in Sources */ = {isa = PBXBuildFile; fileRef = BC50B5A201A51ED6176672E7 /* IAPUseCaseTests.swift */; };
		D2B8708C3DB0B8B70F333F88 /* EntitlementCacheProtocol.swift in Sources */ = {isa = PBXBuildFile; fileRef = 7973C2A7FBFB55B216632ED2 /* EntitlementCacheProtocol.swift */; };
		D63374FDE732FB8284BE1725 /* CalculateTrimWindowUseCaseTests.swift in Sources */ = {isa = PBXBuildFile; fileRef = EF75A50D85EE86AF6C47C7E0 /* CalculateTrimWindowUseCaseTests.swift */; };
		D74029E9B26DDD8083B30E77 /* FetchEntitlementStatusUseCaseTests.swift in Sources */ = {isa = PBXBuildFile; fileRef = 1BC98096E3E572CDFEFB1B0F /* FetchEntitlementStatusUseCaseTests.swift */; };
		F247CCAA8AE0F257C4A1E8C4 /* CalculateTrimWindowUseCase.swift in Sources */ = {isa = PBXBuildFile; fileRef = 6D3C53479BA39F7F87F7BEBB /* CalculateTrimWindowUseCase.swift */; };
		F5933E8E1E54D7BB9E76DD94 /* RenameProjectUseCase.swift in Sources */ = {isa = PBXBuildFile; fileRef = ECC134CC429E396BB36A8ED4 /* RenameProjectUseCase.swift */; };
		F8C41A27CBFD2173E5EDD0E6 /* ResolveExportQualityUseCaseTests.swift in Sources */ = {isa = PBXBuildFile; fileRef = 772961EEE79EC6337393A590 /* ResolveExportQualityUseCaseTests.swift */; };
		FBEAB03C58D8E0DFA5D3F85F /* ValidateTrimDurationUseCaseTests.swift in Sources */ = {isa = PBXBuildFile; fileRef = AE5CABDE805114D0FE3DFD8F /* ValidateTrimDurationUseCaseTests.swift */; };
		FCFEBD2DFA7B1F3039C7C69F /* DomainError.swift in Sources */ = {isa = PBXBuildFile; fileRef = A5B8FAEAEA2537D8D5F48C02 /* DomainError.swift */; };
		E109137C9C2F3F9BC6EFFB9C /* ModelMappers.swift in Sources */ = {isa = PBXBuildFile; fileRef = 43402BF7C422B12F8084D444 /* ModelMappers.swift */; };
		7CAAF648B9A07683984F5E82 /* SwiftDataProjectRepository.swift in Sources */ = {isa = PBXBuildFile; fileRef = FABB0FD02F795F5CFB9D423B /* SwiftDataProjectRepository.swift */; };
		3EB84D4F743F1B8752DD75FC /* DefaultVideoFileRepository.swift in Sources */ = {isa = PBXBuildFile; fileRef = D4EFBECAEBD09C9FB99B13EF /* DefaultVideoFileRepository.swift */; };
		C12BD03E3AB495C6194F9B01 /* KeychainEntitlementCache.swift in Sources */ = {isa = PBXBuildFile; fileRef = 980F90344D511D20F919AF31 /* KeychainEntitlementCache.swift */; };
		DD45AF0FF18D4ABB7C16E19B /* ModelMappersTests.swift in Sources */ = {isa = PBXBuildFile; fileRef = 99CB264E0812CEF252D4B588 /* ModelMappersTests.swift */; };
		120FB654C02CD31B422AD7B2 /* SwiftDataProjectRepositoryTests.swift in Sources */ = {isa = PBXBuildFile; fileRef = DBF5996598E7FE78D4D2DE1E /* SwiftDataProjectRepositoryTests.swift */; };
		8AE3736FB2F7F69C6CDAA989 /* DefaultVideoFileRepositoryTests.swift in Sources */ = {isa = PBXBuildFile; fileRef = BEABDCFD6C4CA0573B7C028E /* DefaultVideoFileRepositoryTests.swift */; };
		332990B8391054ECFF7C2C1F /* KeychainEntitlementCacheTests.swift in Sources */ = {isa = PBXBuildFile; fileRef = F71F9136ABAF03E4D240869F /* KeychainEntitlementCacheTests.swift */; };
/* End PBXBuildFile section */

/* Begin PBXContainerItemProxy section */
		A7BC12603010FB9300DD3606 /* PBXContainerItemProxy */ = {
			isa = PBXContainerItemProxy;
			containerPortal = A7BC124A3010FB9200DD3606 /* Project object */;
			proxyType = 1;
			remoteGlobalIDString = A7BC12513010FB9200DD3606;
			remoteInfo = MidTrim;
		};
		A7BC126A3010FB9300DD3606 /* PBXContainerItemProxy */ = {
			isa = PBXContainerItemProxy;
			containerPortal = A7BC124A3010FB9200DD3606 /* Project object */;
			proxyType = 1;
			remoteGlobalIDString = A7BC12513010FB9200DD3606;
			remoteInfo = MidTrim;
		};
/* End PBXContainerItemProxy section */

/* Begin PBXFileReference section */
		00B56862527A5DE7C2747F97 /* ProjectRepositoryProtocol.swift */ = {isa = PBXFileReference; includeInIndex = 1; lastKnownFileType = sourcecode.swift; path = ProjectRepositoryProtocol.swift; sourceTree = "<group>"; };
		093B3257C30AB34AD47E14C3 /* ContentView.swift */ = {isa = PBXFileReference; includeInIndex = 1; lastKnownFileType = sourcecode.swift; path = ContentView.swift; sourceTree = "<group>"; };
		0D4CEC3A621DFED1C285ECE7 /* MergeVideoSegmentsUseCase.swift */ = {isa = PBXFileReference; includeInIndex = 1; lastKnownFileType = sourcecode.swift; name = MergeVideoSegmentsUseCase.swift; path = MidTrim/Domain/UseCases/MergeVideoSegmentsUseCase.swift; sourceTree = "<group>"; };
		106D2B321BD54CEFD61E17EB /* Assets.xcassets */ = {isa = PBXFileReference; includeInIndex = 1; lastKnownFileType = folder.assetcatalog; path = Assets.xcassets; sourceTree = "<group>"; };
		15F9287E379D362E90EEBAC2 /* ImportVideosUseCase.swift */ = {isa = PBXFileReference; includeInIndex = 1; lastKnownFileType = sourcecode.swift; name = ImportVideosUseCase.swift; path = MidTrim/Domain/UseCases/ImportVideosUseCase.swift; sourceTree = "<group>"; };
		1788F9A040B0E72541C7A55D /* ValidateTrimDurationUseCase.swift */ = {isa = PBXFileReference; includeInIndex = 1; lastKnownFileType = sourcecode.swift; name = ValidateTrimDurationUseCase.swift; path = MidTrim/Domain/UseCases/ValidateTrimDurationUseCase.swift; sourceTree = "<group>"; };
		178DD025AD5EA42580C06F7D /* FetchEntitlementStatusUseCase.swift */ = {isa = PBXFileReference; includeInIndex = 1; lastKnownFileType = sourcecode.swift; name = FetchEntitlementStatusUseCase.swift; path = MidTrim/Domain/UseCases/FetchEntitlementStatusUseCase.swift; sourceTree = "<group>"; };
		1BC98096E3E572CDFEFB1B0F /* FetchEntitlementStatusUseCaseTests.swift */ = {isa = PBXFileReference; includeInIndex = 1; lastKnownFileType = sourcecode.swift; name = FetchEntitlementStatusUseCaseTests.swift; path = MidTrimTests/Domain/UseCases/FetchEntitlementStatusUseCaseTests.swift; sourceTree = "<group>"; };
		1DF09B315A53EB61234CC813 /* MidTrimUITestsLaunchTests.swift */ = {isa = PBXFileReference; includeInIndex = 1; lastKnownFileType = sourcecode.swift; path = MidTrimUITestsLaunchTests.swift; sourceTree = "<group>"; };
		2610E25E930F6818120686FA /* DeleteProjectUseCaseTests.swift */ = {isa = PBXFileReference; includeInIndex = 1; lastKnownFileType = sourcecode.swift; name = DeleteProjectUseCaseTests.swift; path = MidTrimTests/Domain/UseCases/DeleteProjectUseCaseTests.swift; sourceTree = "<group>"; };
		2C4874638D734E45D07DD0B1 /* CalculateMergedDurationUseCaseTests.swift */ = {isa = PBXFileReference; includeInIndex = 1; lastKnownFileType = sourcecode.swift; name = CalculateMergedDurationUseCaseTests.swift; path = MidTrimTests/Domain/UseCases/CalculateMergedDurationUseCaseTests.swift; sourceTree = "<group>"; };
		2CE54A93E9574FDE5ABF8E44 /* ResolveExportQualityUseCase.swift */ = {isa = PBXFileReference; includeInIndex = 1; lastKnownFileType = sourcecode.swift; name = ResolveExportQualityUseCase.swift; path = MidTrim/Domain/UseCases/ResolveExportQualityUseCase.swift; sourceTree = "<group>"; };
		3A20A13490996F67828813B4 /* FetchProjectsUseCaseTests.swift */ = {isa = PBXFileReference; includeInIndex = 1; lastKnownFileType = sourcecode.swift; name = FetchProjectsUseCaseTests.swift; path = MidTrimTests/Domain/UseCases/FetchProjectsUseCaseTests.swift; sourceTree = "<group>"; };
		400B84DFD474F4195A460C7F /* CalculateMergedDurationUseCase.swift */ = {isa = PBXFileReference; includeInIndex = 1; lastKnownFileType = sourcecode.swift; name = CalculateMergedDurationUseCase.swift; path = MidTrim/Domain/UseCases/CalculateMergedDurationUseCase.swift; sourceTree = "<group>"; };
		41C2C37D59E4A441833CAF44 /* TrimVideoUseCase.swift */ = {isa = PBXFileReference; includeInIndex = 1; lastKnownFileType = sourcecode.swift; name = TrimVideoUseCase.swift; path = MidTrim/Domain/UseCases/TrimVideoUseCase.swift; sourceTree = "<group>"; };
		4EF59391A3068C54469B5901 /* VideoFileRepositoryProtocol.swift */ = {isa = PBXFileReference; includeInIndex = 1; lastKnownFileType = sourcecode.swift; name = VideoFileRepositoryProtocol.swift; path = MidTrim/Domain/Protocols/VideoFileRepositoryProtocol.swift; sourceTree = "<group>"; };
		567588BDA5CC68E54A5B578E /* MidTrimTests.swift */ = {isa = PBXFileReference; includeInIndex = 1; lastKnownFileType = sourcecode.swift; path = MidTrimTests.swift; sourceTree = "<group>"; };
		5C7C475B11A18AD2A273FC8A /* GenerateThumbnailUseCase.swift */ = {isa = PBXFileReference; includeInIndex = 1; lastKnownFileType = sourcecode.swift; name = GenerateThumbnailUseCase.swift; path = MidTrim/Domain/UseCases/GenerateThumbnailUseCase.swift; sourceTree = "<group>"; };
		5DFA507D65F48F4245BA01D3 /* ReorderVideosUseCase.swift */ = {isa = PBXFileReference; includeInIndex = 1; lastKnownFileType = sourcecode.swift; name = ReorderVideosUseCase.swift; path = MidTrim/Domain/UseCases/ReorderVideosUseCase.swift; sourceTree = "<group>"; };
		638D41770751B21041D784BF /* TrimVideoUseCaseTests.swift */ = {isa = PBXFileReference; includeInIndex = 1; lastKnownFileType = sourcecode.swift; name = TrimVideoUseCaseTests.swift; path = MidTrimTests/Domain/UseCases/TrimVideoUseCaseTests.swift; sourceTree = "<group>"; };
		66C6348478A004097D3FFF92 /* RenameProjectUseCaseTests.swift */ = {isa = PBXFileReference; includeInIndex = 1; lastKnownFileType = sourcecode.swift; name = RenameProjectUseCaseTests.swift; path = MidTrimTests/Domain/UseCases/RenameProjectUseCaseTests.swift; sourceTree = "<group>"; };
		6869BE4DB21399AF300ADB0B /* ProjectRepositoryProtocol.swift */ = {isa = PBXFileReference; includeInIndex = 1; lastKnownFileType = sourcecode.swift; name = ProjectRepositoryProtocol.swift; path = MidTrim/Domain/Protocols/ProjectRepositoryProtocol.swift; sourceTree = "<group>"; };
		6D3C53479BA39F7F87F7BEBB /* CalculateTrimWindowUseCase.swift */ = {isa = PBXFileReference; includeInIndex = 1; lastKnownFileType = sourcecode.swift; name = CalculateTrimWindowUseCase.swift; path = MidTrim/Domain/UseCases/CalculateTrimWindowUseCase.swift; sourceTree = "<group>"; };
		746EE8078044A853C22CD862 /* SaveProjectUseCaseTests.swift */ = {isa = PBXFileReference; includeInIndex = 1; lastKnownFileType = sourcecode.swift; name = SaveProjectUseCaseTests.swift; path = MidTrimTests/Domain/UseCases/SaveProjectUseCaseTests.swift; sourceTree = "<group>"; };
		772961EEE79EC6337393A590 /* ResolveExportQualityUseCaseTests.swift */ = {isa = PBXFileReference; includeInIndex = 1; lastKnownFileType = sourcecode.swift; name = ResolveExportQualityUseCaseTests.swift; path = MidTrimTests/Domain/UseCases/ResolveExportQualityUseCaseTests.swift; sourceTree = "<group>"; };
		7973C2A7FBFB55B216632ED2 /* EntitlementCacheProtocol.swift */ = {isa = PBXFileReference; includeInIndex = 1; lastKnownFileType = sourcecode.swift; name = EntitlementCacheProtocol.swift; path = MidTrim/Domain/Protocols/EntitlementCacheProtocol.swift; sourceTree = "<group>"; };
		8252ECF942D23797E2983995 /* VideoMetadata.swift */ = {isa = PBXFileReference; includeInIndex = 1; lastKnownFileType = sourcecode.swift; name = VideoMetadata.swift; path = MidTrim/Domain/Entities/VideoMetadata.swift; sourceTree = "<group>"; };
		8BF4E4B14246E9B36C8FFA47 /* ImportVideosUseCaseTests.swift */ = {isa = PBXFileReference; includeInIndex = 1; lastKnownFileType = sourcecode.swift; name = ImportVideosUseCaseTests.swift; path = MidTrimTests/Domain/UseCases/ImportVideosUseCaseTests.swift; sourceTree = "<group>"; };
		9212A0B40FB0C053721DF791 /* MidTrimApp.swift */ = {isa = PBXFileReference; includeInIndex = 1; lastKnownFileType = sourcecode.swift; path = MidTrimApp.swift; sourceTree = "<group>"; };
		9C6AB444D3073F653B0D9B36 /* RestoreEntitlementUseCase.swift */ = {isa = PBXFileReference; includeInIndex = 1; lastKnownFileType = sourcecode.swift; name = RestoreEntitlementUseCase.swift; path = MidTrim/Domain/UseCases/RestoreEntitlementUseCase.swift; sourceTree = "<group>"; };
		A2D79C1B93F351F768ACD7D9 /* TrimWindow.swift */ = {isa = PBXFileReference; includeInIndex = 1; lastKnownFileType = sourcecode.swift; name = TrimWindow.swift; path = MidTrim/Domain/Entities/TrimWindow.swift; sourceTree = "<group>"; };
		A5B8FAEAEA2537D8D5F48C02 /* DomainError.swift */ = {isa = PBXFileReference; includeInIndex = 1; lastKnownFileType = sourcecode.swift; name = DomainError.swift; path = MidTrim/Domain/Errors/DomainError.swift; sourceTree = "<group>"; };
		A5CAA363F35E9ACA3A318FA0 /* VideoProcessingProtocols.swift */ = {isa = PBXFileReference; includeInIndex = 1; lastKnownFileType = sourcecode.swift; name = VideoProcessingProtocols.swift; path = MidTrim/Domain/Protocols/VideoProcessingProtocols.swift; sourceTree = "<group>"; };
		A7BC12523010FB9200DD3606 /* MidTrim.app */ = {isa = PBXFileReference; explicitFileType = wrapper.application; includeInIndex = 0; path = MidTrim.app; sourceTree = BUILT_PRODUCTS_DIR; };
		A7BC125F3010FB9300DD3606 /* MidTrimTests.xctest */ = {isa = PBXFileReference; explicitFileType = wrapper.cfbundle; includeInIndex = 0; path = MidTrimTests.xctest; sourceTree = BUILT_PRODUCTS_DIR; };
		A7BC12693010FB9300DD3606 /* MidTrimUITests.xctest */ = {isa = PBXFileReference; explicitFileType = wrapper.cfbundle; includeInIndex = 0; path = MidTrimUITests.xctest; sourceTree = BUILT_PRODUCTS_DIR; };
		A9224F924CED95677C9B8CD9 /* DeleteProjectUseCase.swift */ = {isa = PBXFileReference; includeInIndex = 1; lastKnownFileType = sourcecode.swift; name = DeleteProjectUseCase.swift; path = MidTrim/Domain/UseCases/DeleteProjectUseCase.swift; sourceTree = "<group>"; };
		AC58E5FBF95EA16406D08642 /* FetchProjectsUseCase.swift */ = {isa = PBXFileReference; includeInIndex = 1; lastKnownFileType = sourcecode.swift; name = FetchProjectsUseCase.swift; path = MidTrim/Domain/UseCases/FetchProjectsUseCase.swift; sourceTree = "<group>"; };
		AD0E71AA12352A17D1D77066 /* MergeVideoSegmentsUseCaseTests.swift */ = {isa = PBXFileReference; includeInIndex = 1; lastKnownFileType = sourcecode.swift; name = MergeVideoSegmentsUseCaseTests.swift; path = MidTrimTests/Domain/UseCases/MergeVideoSegmentsUseCaseTests.swift; sourceTree = "<group>"; };
		AE5CABDE805114D0FE3DFD8F /* ValidateTrimDurationUseCaseTests.swift */ = {isa = PBXFileReference; includeInIndex = 1; lastKnownFileType = sourcecode.swift; name = ValidateTrimDurationUseCaseTests.swift; path = MidTrimTests/Domain/UseCases/ValidateTrimDurationUseCaseTests.swift; sourceTree = "<group>"; };
		B7E1CBCD4D1F55BC8321ED51 /* SourceVideoItemRepositoryProtocol.swift */ = {isa = PBXFileReference; includeInIndex = 1; lastKnownFileType = sourcecode.swift; path = SourceVideoItemRepositoryProtocol.swift; sourceTree = "<group>"; };
		BC09787CA141E660B2A0933C /* StoreKitServiceProtocol.swift */ = {isa = PBXFileReference; includeInIndex = 1; lastKnownFileType = sourcecode.swift; name = StoreKitServiceProtocol.swift; path = MidTrim/Domain/Protocols/StoreKitServiceProtocol.swift; sourceTree = "<group>"; };
		BC50B5A201A51ED6176672E7 /* IAPUseCaseTests.swift */ = {isa = PBXFileReference; includeInIndex = 1; lastKnownFileType = sourcecode.swift; name = IAPUseCaseTests.swift; path = MidTrimTests/Domain/UseCases/IAPUseCaseTests.swift; sourceTree = "<group>"; };
		D6DB8E3ABC82BCF827F58EA4 /* SaveProjectUseCase.swift */ = {isa = PBXFileReference; includeInIndex = 1; lastKnownFileType = sourcecode.swift; name = SaveProjectUseCase.swift; path = MidTrim/Domain/UseCases/SaveProjectUseCase.swift; sourceTree = "<group>"; };
		E4ED1C2129D111160AB45770 /* Project.swift */ = {isa = PBXFileReference; includeInIndex = 1; lastKnownFileType = sourcecode.swift; path = Project.swift; sourceTree = "<group>"; };
		E6C2AAC28D4A8E49F5E3F4FA /* ProjectInfo.swift */ = {isa = PBXFileReference; includeInIndex = 1; lastKnownFileType = sourcecode.swift; name = ProjectInfo.swift; path = MidTrim/Domain/Entities/ProjectInfo.swift; sourceTree = "<group>"; };
		E9A5DD35B592B414B5CA2FC8 /* GenerateThumbnailUseCaseTests.swift */ = {isa = PBXFileReference; includeInIndex = 1; lastKnownFileType = sourcecode.swift; name = GenerateThumbnailUseCaseTests.swift; path = MidTrimTests/Domain/UseCases/GenerateThumbnailUseCaseTests.swift; sourceTree = "<group>"; };
		EA7D942E24B581DD040AB7B6 /* SourceVideoItem.swift */ = {isa = PBXFileReference; includeInIndex = 1; lastKnownFileType = sourcecode.swift; path = SourceVideoItem.swift; sourceTree = "<group>"; };
		ECC134CC429E396BB36A8ED4 /* RenameProjectUseCase.swift */ = {isa = PBXFileReference; includeInIndex = 1; lastKnownFileType = sourcecode.swift; name = RenameProjectUseCase.swift; path = MidTrim/Domain/UseCases/RenameProjectUseCase.swift; sourceTree = "<group>"; };
		EF75A50D85EE86AF6C47C7E0 /* CalculateTrimWindowUseCaseTests.swift */ = {isa = PBXFileReference; includeInIndex = 1; lastKnownFileType = sourcecode.swift; name = CalculateTrimWindowUseCaseTests.swift; path = MidTrimTests/Domain/UseCases/CalculateTrimWindowUseCaseTests.swift; sourceTree = "<group>"; };
		F474DD0259790635007426B5 /* PurchaseEntitlementUseCase.swift */ = {isa = PBXFileReference; includeInIndex = 1; lastKnownFileType = sourcecode.swift; name = PurchaseEntitlementUseCase.swift; path = MidTrim/Domain/UseCases/PurchaseEntitlementUseCase.swift; sourceTree = "<group>"; };
		FDB3D6A28101181DE584F8C2 /* ReorderVideosUseCaseTests.swift */ = {isa = PBXFileReference; includeInIndex = 1; lastKnownFileType = sourcecode.swift; name = ReorderVideosUseCaseTests.swift; path = MidTrimTests/Domain/UseCases/ReorderVideosUseCaseTests.swift; sourceTree = "<group>"; };
		FED68176EFCBC605EF503ED0 /* MidTrimUITests.swift */ = {isa = PBXFileReference; includeInIndex = 1; lastKnownFileType = sourcecode.swift; path = MidTrimUITests.swift; sourceTree = "<group>"; };
		43402BF7C422B12F8084D444 /* ModelMappers.swift */ = {isa = PBXFileReference; includeInIndex = 1; lastKnownFileType = sourcecode.swift; name = ModelMappers.swift; path = MidTrim/Data/ModelMappers.swift; sourceTree = "<group>"; };
		FABB0FD02F795F5CFB9D423B /* SwiftDataProjectRepository.swift */ = {isa = PBXFileReference; includeInIndex = 1; lastKnownFileType = sourcecode.swift; name = SwiftDataProjectRepository.swift; path = MidTrim/Data/Repositories/SwiftDataProjectRepository.swift; sourceTree = "<group>"; };
		D4EFBECAEBD09C9FB99B13EF /* DefaultVideoFileRepository.swift */ = {isa = PBXFileReference; includeInIndex = 1; lastKnownFileType = sourcecode.swift; name = DefaultVideoFileRepository.swift; path = MidTrim/Data/Repositories/DefaultVideoFileRepository.swift; sourceTree = "<group>"; };
		980F90344D511D20F919AF31 /* KeychainEntitlementCache.swift */ = {isa = PBXFileReference; includeInIndex = 1; lastKnownFileType = sourcecode.swift; name = KeychainEntitlementCache.swift; path = MidTrim/Data/Repositories/KeychainEntitlementCache.swift; sourceTree = "<group>"; };
		99CB264E0812CEF252D4B588 /* ModelMappersTests.swift */ = {isa = PBXFileReference; includeInIndex = 1; lastKnownFileType = sourcecode.swift; name = ModelMappersTests.swift; path = MidTrimTests/Data/ModelMappersTests.swift; sourceTree = "<group>"; };
		DBF5996598E7FE78D4D2DE1E /* SwiftDataProjectRepositoryTests.swift */ = {isa = PBXFileReference; includeInIndex = 1; lastKnownFileType = sourcecode.swift; name = SwiftDataProjectRepositoryTests.swift; path = MidTrimTests/Data/SwiftDataProjectRepositoryTests.swift; sourceTree = "<group>"; };
		BEABDCFD6C4CA0573B7C028E /* DefaultVideoFileRepositoryTests.swift */ = {isa = PBXFileReference; includeInIndex = 1; lastKnownFileType = sourcecode.swift; name = DefaultVideoFileRepositoryTests.swift; path = MidTrimTests/Data/DefaultVideoFileRepositoryTests.swift; sourceTree = "<group>"; };
		F71F9136ABAF03E4D240869F /* KeychainEntitlementCacheTests.swift */ = {isa = PBXFileReference; includeInIndex = 1; lastKnownFileType = sourcecode.swift; name = KeychainEntitlementCacheTests.swift; path = MidTrimTests/Data/KeychainEntitlementCacheTests.swift; sourceTree = "<group>"; };
/* End PBXFileReference section */

/* Begin PBXFrameworksBuildPhase section */
		A7BC124F3010FB9200DD3606 /* Frameworks */ = {
			isa = PBXFrameworksBuildPhase;
			buildActionMask = 2147483647;
			files = (
			);
			runOnlyForDeploymentPostprocessing = 0;
		};
		A7BC125C3010FB9300DD3606 /* Frameworks */ = {
			isa = PBXFrameworksBuildPhase;
			buildActionMask = 2147483647;
			files = (
			);
			runOnlyForDeploymentPostprocessing = 0;
		};
		A7BC12663010FB9300DD3606 /* Frameworks */ = {
			isa = PBXFrameworksBuildPhase;
			buildActionMask = 2147483647;
			files = (
			);
			runOnlyForDeploymentPostprocessing = 0;
		};
/* End PBXFrameworksBuildPhase section */

/* Begin PBXGroup section */
		3BA28B0B0A2F22FE1188AE9A /* Data */ = {
			isa = PBXGroup;
			children = (
				EA7D942E24B581DD040AB7B6 /* SourceVideoItem.swift */,
				E4ED1C2129D111160AB45770 /* Project.swift */,
				B7E1CBCD4D1F55BC8321ED51 /* SourceVideoItemRepositoryProtocol.swift */,
				00B56862527A5DE7C2747F97 /* ProjectRepositoryProtocol.swift */,
			);
			name = Data;
			path = Data;
			sourceTree = "<group>";
		};
		4AF45AB6098A374AA7104AB1 /* MidTrimUITests */ = {
			isa = PBXGroup;
			children = (
				1DF09B315A53EB61234CC813 /* MidTrimUITestsLaunchTests.swift */,
				FED68176EFCBC605EF503ED0 /* MidTrimUITests.swift */,
			);
			name = MidTrimUITests;
			path = MidTrimUITests;
			sourceTree = "<group>";
		};
		998B32061E865772314E67D3 /* MidTrimTests */ = {
			isa = PBXGroup;
			children = (
				567588BDA5CC68E54A5B578E /* MidTrimTests.swift */,
			);
			name = MidTrimTests;
			path = MidTrimTests;
			sourceTree = "<group>";
		};
		A7BC12493010FB9200DD3606 = {
			isa = PBXGroup;
			children = (
				F0A4D28CA905DD154356ACCA /* MidTrim */,
				998B32061E865772314E67D3 /* MidTrimTests */,
				4AF45AB6098A374AA7104AB1 /* MidTrimUITests */,
				A7BC12533010FB9200DD3606 /* Products */,
				43402BF7C422B12F8084D444 /* ModelMappers.swift */,
				FABB0FD02F795F5CFB9D423B /* SwiftDataProjectRepository.swift */,
				D4EFBECAEBD09C9FB99B13EF /* DefaultVideoFileRepository.swift */,
				980F90344D511D20F919AF31 /* KeychainEntitlementCache.swift */,
				99CB264E0812CEF252D4B588 /* ModelMappersTests.swift */,
				DBF5996598E7FE78D4D2DE1E /* SwiftDataProjectRepositoryTests.swift */,
				BEABDCFD6C4CA0573B7C028E /* DefaultVideoFileRepositoryTests.swift */,
				F71F9136ABAF03E4D240869F /* KeychainEntitlementCacheTests.swift */,
				A5B8FAEAEA2537D8D5F48C02 /* DomainError.swift */,
				7973C2A7FBFB55B216632ED2 /* EntitlementCacheProtocol.swift */,
				6D3C53479BA39F7F87F7BEBB /* CalculateTrimWindowUseCase.swift */,
				178DD025AD5EA42580C06F7D /* FetchEntitlementStatusUseCase.swift */,
				1788F9A040B0E72541C7A55D /* ValidateTrimDurationUseCase.swift */,
				2CE54A93E9574FDE5ABF8E44 /* ResolveExportQualityUseCase.swift */,
				5DFA507D65F48F4245BA01D3 /* ReorderVideosUseCase.swift */,
				400B84DFD474F4195A460C7F /* CalculateMergedDurationUseCase.swift */,
				A2D79C1B93F351F768ACD7D9 /* TrimWindow.swift */,
				8252ECF942D23797E2983995 /* VideoMetadata.swift */,
				AE5CABDE805114D0FE3DFD8F /* ValidateTrimDurationUseCaseTests.swift */,
				FDB3D6A28101181DE584F8C2 /* ReorderVideosUseCaseTests.swift */,
				2C4874638D734E45D07DD0B1 /* CalculateMergedDurationUseCaseTests.swift */,
				772961EEE79EC6337393A590 /* ResolveExportQualityUseCaseTests.swift */,
				EF75A50D85EE86AF6C47C7E0 /* CalculateTrimWindowUseCaseTests.swift */,
				1BC98096E3E572CDFEFB1B0F /* FetchEntitlementStatusUseCaseTests.swift */,
				4EF59391A3068C54469B5901 /* VideoFileRepositoryProtocol.swift */,
				6869BE4DB21399AF300ADB0B /* ProjectRepositoryProtocol.swift */,
				D6DB8E3ABC82BCF827F58EA4 /* SaveProjectUseCase.swift */,
				AC58E5FBF95EA16406D08642 /* FetchProjectsUseCase.swift */,
				A9224F924CED95677C9B8CD9 /* DeleteProjectUseCase.swift */,
				ECC134CC429E396BB36A8ED4 /* RenameProjectUseCase.swift */,
				E6C2AAC28D4A8E49F5E3F4FA /* ProjectInfo.swift */,
				66C6348478A004097D3FFF92 /* RenameProjectUseCaseTests.swift */,
				746EE8078044A853C22CD862 /* SaveProjectUseCaseTests.swift */,
				3A20A13490996F67828813B4 /* FetchProjectsUseCaseTests.swift */,
				2610E25E930F6818120686FA /* DeleteProjectUseCaseTests.swift */,
				A5CAA363F35E9ACA3A318FA0 /* VideoProcessingProtocols.swift */,
				41C2C37D59E4A441833CAF44 /* TrimVideoUseCase.swift */,
				0D4CEC3A621DFED1C285ECE7 /* MergeVideoSegmentsUseCase.swift */,
				15F9287E379D362E90EEBAC2 /* ImportVideosUseCase.swift */,
				5C7C475B11A18AD2A273FC8A /* GenerateThumbnailUseCase.swift */,
				8BF4E4B14246E9B36C8FFA47 /* ImportVideosUseCaseTests.swift */,
				638D41770751B21041D784BF /* TrimVideoUseCaseTests.swift */,
				E9A5DD35B592B414B5CA2FC8 /* GenerateThumbnailUseCaseTests.swift */,
				AD0E71AA12352A17D1D77066 /* MergeVideoSegmentsUseCaseTests.swift */,
				BC09787CA141E660B2A0933C /* StoreKitServiceProtocol.swift */,
				9C6AB444D3073F653B0D9B36 /* RestoreEntitlementUseCase.swift */,
				F474DD0259790635007426B5 /* PurchaseEntitlementUseCase.swift */,
				BC50B5A201A51ED6176672E7 /* IAPUseCaseTests.swift */,
			);
			sourceTree = "<group>";
		};
		A7BC12533010FB9200DD3606 /* Products */ = {
			isa = PBXGroup;
			children = (
				A7BC12523010FB9200DD3606 /* MidTrim.app */,
				A7BC125F3010FB9300DD3606 /* MidTrimTests.xctest */,
				A7BC12693010FB9300DD3606 /* MidTrimUITests.xctest */,
			);
			name = Products;
			sourceTree = "<group>";
		};
		F0A4D28CA905DD154356ACCA /* MidTrim */ = {
			isa = PBXGroup;
			children = (
				3BA28B0B0A2F22FE1188AE9A /* Data */,
				9212A0B40FB0C053721DF791 /* MidTrimApp.swift */,
				093B3257C30AB34AD47E14C3 /* ContentView.swift */,
				106D2B321BD54CEFD61E17EB /* Assets.xcassets */,
			);
			name = MidTrim;
			path = MidTrim;
			sourceTree = "<group>";
		};
/* End PBXGroup section */

/* Begin PBXNativeTarget section */
		A7BC12513010FB9200DD3606 /* MidTrim */ = {
			isa = PBXNativeTarget;
			buildConfigurationList = A7BC12733010FB9300DD3606 /* Build configuration list for PBXNativeTarget "MidTrim" */;
			buildPhases = (
				A7BC124E3010FB9200DD3606 /* Sources */,
				A7BC124F3010FB9200DD3606 /* Frameworks */,
				A7BC12503010FB9200DD3606 /* Resources */,
			);
			buildRules = (
			);
			dependencies = (
			);
			name = MidTrim;
			productName = MidTrim;
			productReference = A7BC12523010FB9200DD3606 /* MidTrim.app */;
			productType = "com.apple.product-type.application";
		};
		A7BC125E3010FB9300DD3606 /* MidTrimTests */ = {
			isa = PBXNativeTarget;
			buildConfigurationList = A7BC12763010FB9300DD3606 /* Build configuration list for PBXNativeTarget "MidTrimTests" */;
			buildPhases = (
				A7BC125B3010FB9300DD3606 /* Sources */,
				A7BC125C3010FB9300DD3606 /* Frameworks */,
				A7BC125D3010FB9300DD3606 /* Resources */,
			);
			buildRules = (
			);
			dependencies = (
				A7BC12613010FB9300DD3606 /* PBXTargetDependency */,
			);
			name = MidTrimTests;
			productName = MidTrimTests;
			productReference = A7BC125F3010FB9300DD3606 /* MidTrimTests.xctest */;
			productType = "com.apple.product-type.bundle.unit-test";
		};
		A7BC12683010FB9300DD3606 /* MidTrimUITests */ = {
			isa = PBXNativeTarget;
			buildConfigurationList = A7BC12793010FB9300DD3606 /* Build configuration list for PBXNativeTarget "MidTrimUITests" */;
			buildPhases = (
				A7BC12653010FB9300DD3606 /* Sources */,
				A7BC12663010FB9300DD3606 /* Frameworks */,
				A7BC12673010FB9300DD3606 /* Resources */,
			);
			buildRules = (
			);
			dependencies = (
				A7BC126B3010FB9300DD3606 /* PBXTargetDependency */,
			);
			name = MidTrimUITests;
			productName = MidTrimUITests;
			productReference = A7BC12693010FB9300DD3606 /* MidTrimUITests.xctest */;
			productType = "com.apple.product-type.bundle.ui-testing";
		};
/* End PBXNativeTarget section */

/* Begin PBXProject section */
		A7BC124A3010FB9200DD3606 /* Project object */ = {
			isa = PBXProject;
			attributes = {
				BuildIndependentTargetsInParallel = 1;
				LastSwiftUpdateCheck = 2650;
				LastUpgradeCheck = 2650;
				TargetAttributes = {
					A7BC12513010FB9200DD3606 = {
						CreatedOnToolsVersion = 26.5;
					};
					A7BC125E3010FB9300DD3606 = {
						CreatedOnToolsVersion = 26.5;
						TestTargetID = A7BC12513010FB9200DD3606;
					};
					A7BC12683010FB9300DD3606 = {
						CreatedOnToolsVersion = 26.5;
						TestTargetID = A7BC12513010FB9200DD3606;
					};
				};
			};
			buildConfigurationList = A7BC124D3010FB9200DD3606 /* Build configuration list for PBXProject "MidTrim" */;
			developmentRegion = en;
			hasScannedForEncodings = 0;
			knownRegions = (
				en,
				Base,
			);
			mainGroup = A7BC12493010FB9200DD3606;
			productRefGroup = A7BC12533010FB9200DD3606 /* Products */;
			projectDirPath = "";
			projectRoot = "";
			targets = (
				A7BC12513010FB9200DD3606 /* MidTrim */,
				A7BC125E3010FB9300DD3606 /* MidTrimTests */,
				A7BC12683010FB9300DD3606 /* MidTrimUITests */,
			);
		};
/* End PBXProject section */

/* Begin PBXResourcesBuildPhase section */
		A7BC12503010FB9200DD3606 /* Resources */ = {
			isa = PBXResourcesBuildPhase;
			buildActionMask = 2147483647;
			files = (
				45CAEA6CFC4E1E54024426AF /* Assets.xcassets in Resources */,
			);
			runOnlyForDeploymentPostprocessing = 0;
		};
		A7BC125D3010FB9300DD3606 /* Resources */ = {
			isa = PBXResourcesBuildPhase;
			buildActionMask = 2147483647;
			files = (
			);
			runOnlyForDeploymentPostprocessing = 0;
		};
		A7BC12673010FB9300DD3606 /* Resources */ = {
			isa = PBXResourcesBuildPhase;
			buildActionMask = 2147483647;
			files = (
			);
			runOnlyForDeploymentPostprocessing = 0;
		};
/* End PBXResourcesBuildPhase section */

/* Begin PBXSourcesBuildPhase section */
		A7BC124E3010FB9200DD3606 /* Sources */ = {
			isa = PBXSourcesBuildPhase;
			buildActionMask = 2147483647;
			files = (
				2E3124CC69D226751ABF39A2 /* MidTrimApp.swift in Sources */,
				856C4755CF7D0C9AAD93BB4B /* SourceVideoItem.swift in Sources */,
				4B69F2712D9E15A6183AB8E2 /* Project.swift in Sources */,
				AAD4F5B37B9809EE9F4E69DB /* ContentView.swift in Sources */,
				FCFEBD2DFA7B1F3039C7C69F /* DomainError.swift in Sources */,
				D2B8708C3DB0B8B70F333F88 /* EntitlementCacheProtocol.swift in Sources */,
				F247CCAA8AE0F257C4A1E8C4 /* CalculateTrimWindowUseCase.swift in Sources */,
				5F2869A367470FD45A7BC54D /* FetchEntitlementStatusUseCase.swift in Sources */,
				4D28B1FBB9185621B6B3C93A /* ValidateTrimDurationUseCase.swift in Sources */,
				CDE38CF7BA043C940753E347 /* ResolveExportQualityUseCase.swift in Sources */,
				80E77995993BD1436EFA3863 /* ReorderVideosUseCase.swift in Sources */,
				48057449088DD9691C3BB7E9 /* CalculateMergedDurationUseCase.swift in Sources */,
				0C55EFDA33BAD6F618DB0AD0 /* TrimWindow.swift in Sources */,
				CF7DA76EB5CDFA561B2E362D /* VideoMetadata.swift in Sources */,
				A5E1E14F101D16139A3BEC84 /* VideoFileRepositoryProtocol.swift in Sources */,
				70AAA1BC8BF015FBF426192E /* ProjectRepositoryProtocol.swift in Sources */,
				243D647CCE34A1FDB4A168D8 /* SaveProjectUseCase.swift in Sources */,
				06B5D012D2E4AA715E2D51CE /* FetchProjectsUseCase.swift in Sources */,
				C3775FF66A64184B48E72379 /* DeleteProjectUseCase.swift in Sources */,
				F5933E8E1E54D7BB9E76DD94 /* RenameProjectUseCase.swift in Sources */,
				4F3F93F9F44353F8A79F0529 /* ProjectInfo.swift in Sources */,
				212CFEBA6F06687F859D4D11 /* VideoProcessingProtocols.swift in Sources */,
				B8DF561EB2C88A0265829518 /* TrimVideoUseCase.swift in Sources */,
				A65136783BBF727D7BF89A8B /* MergeVideoSegmentsUseCase.swift in Sources */,
				5FDA7AAD7428D6DACA5CDF0E /* ImportVideosUseCase.swift in Sources */,
				73410CA5A6A67241F4F98C8A /* GenerateThumbnailUseCase.swift in Sources */,
				7F9CAEE614FAE20B57620F54 /* StoreKitServiceProtocol.swift in Sources */,
				CD5F3251FC503D8150EB5C97 /* RestoreEntitlementUseCase.swift in Sources */,
				4ACB50E8805478A78ABEE141 /* PurchaseEntitlementUseCase.swift in Sources */,
			);
			runOnlyForDeploymentPostprocessing = 0;
		};
		A7BC125B3010FB9300DD3606 /* Sources */ = {
			isa = PBXSourcesBuildPhase;
			buildActionMask = 2147483647;
			files = (
				4E481994130BABB82E946136 /* MidTrimTests.swift in Sources */,
				FBEAB03C58D8E0DFA5D3F85F /* ValidateTrimDurationUseCaseTests.swift in Sources */,
				BFCDB2F4D64F67DD11D97779 /* ReorderVideosUseCaseTests.swift in Sources */,
				9611DE36A6B5BD0AD706D0E7 /* CalculateMergedDurationUseCaseTests.swift in Sources */,
				F8C41A27CBFD2173E5EDD0E6 /* ResolveExportQualityUseCaseTests.swift in Sources */,
				D63374FDE732FB8284BE1725 /* CalculateTrimWindowUseCaseTests.swift in Sources */,
				D74029E9B26DDD8083B30E77 /* FetchEntitlementStatusUseCaseTests.swift in Sources */,
				8262E39D7E504B57538EE94B /* RenameProjectUseCaseTests.swift in Sources */,
				18E9D0F2462ADA6B54CAE2C1 /* SaveProjectUseCaseTests.swift in Sources */,
				288626AAFFD75075A21BBDF0 /* FetchProjectsUseCaseTests.swift in Sources */,
				6464D53595A80C1C695A24DA /* DeleteProjectUseCaseTests.swift in Sources */,
				B9A3683A4A8D183CF0512ABB /* ImportVideosUseCaseTests.swift in Sources */,
				BBF712F34BC20FAA4A319AAE /* TrimVideoUseCaseTests.swift in Sources */,
				D0EED0D4E447E0844F1BF4B2 /* GenerateThumbnailUseCaseTests.swift in Sources */,
				8ABDE8494E5C63893CC5B61C /* MergeVideoSegmentsUseCaseTests.swift in Sources */,
				D23B22F0F83896D109B42EC6 /* IAPUseCaseTests.swift in Sources */,
			);
			runOnlyForDeploymentPostprocessing = 0;
		};
		A7BC12653010FB9300DD3606 /* Sources */ = {
			isa = PBXSourcesBuildPhase;
			buildActionMask = 2147483647;
			files = (
				40381E6587286391C9BF691F /* MidTrimUITestsLaunchTests.swift in Sources */,
				8C023B1CBBFC0392552F206C /* MidTrimUITests.swift in Sources */,
			);
			runOnlyForDeploymentPostprocessing = 0;
		};
/* End PBXSourcesBuildPhase section */

/* Begin PBXTargetDependency section */
		A7BC12613010FB9300DD3606 /* PBXTargetDependency */ = {
			isa = PBXTargetDependency;
			target = A7BC12513010FB9200DD3606 /* MidTrim */;
			targetProxy = A7BC12603010FB9300DD3606 /* PBXContainerItemProxy */;
		};
		A7BC126B3010FB9300DD3606 /* PBXTargetDependency */ = {
			isa = PBXTargetDependency;
			target = A7BC12513010FB9200DD3606 /* MidTrim */;
			targetProxy = A7BC126A3010FB9300DD3606 /* PBXContainerItemProxy */;
		};
/* End PBXTargetDependency section */

/* Begin XCBuildConfiguration section */
		A7BC12713010FB9300DD3606 /* Debug */ = {
			isa = XCBuildConfiguration;
			buildSettings = {
				ALWAYS_SEARCH_USER_PATHS = NO;
				ASSETCATALOG_COMPILER_GENERATE_SWIFT_ASSET_SYMBOL_EXTENSIONS = YES;
				CLANG_ANALYZER_NONNULL = YES;
				CLANG_ANALYZER_NUMBER_OBJECT_CONVERSION = YES_AGGRESSIVE;
				CLANG_CXX_LANGUAGE_STANDARD = "gnu++20";
				CLANG_ENABLE_MODULES = YES;
				CLANG_ENABLE_OBJC_ARC = YES;
				CLANG_ENABLE_OBJC_WEAK = YES;
				CLANG_WARN_BLOCK_CAPTURE_AUTORELEASING = YES;
				CLANG_WARN_BOOL_CONVERSION = YES;
				CLANG_WARN_COMMA = YES;
				CLANG_WARN_CONSTANT_CONVERSION = YES;
				CLANG_WARN_DEPRECATED_OBJC_IMPLEMENTATIONS = YES;
				CLANG_WARN_DIRECT_OBJC_ISA_USAGE = YES_ERROR;
				CLANG_WARN_DOCUMENTATION_COMMENTS = YES;
				CLANG_WARN_EMPTY_BODY = YES;
				CLANG_WARN_ENUM_CONVERSION = YES;
				CLANG_WARN_INFINITE_RECURSION = YES;
				CLANG_WARN_INT_CONVERSION = YES;
				CLANG_WARN_NON_LITERAL_NULL_CONVERSION = YES;
				CLANG_WARN_OBJC_IMPLICIT_RETAIN_SELF = YES;
				CLANG_WARN_OBJC_LITERAL_CONVERSION = YES;
				CLANG_WARN_OBJC_ROOT_CLASS = YES_ERROR;
				CLANG_WARN_QUOTED_INCLUDE_IN_FRAMEWORK_HEADER = YES;
				CLANG_WARN_RANGE_LOOP_ANALYSIS = YES;
				CLANG_WARN_STRICT_PROTOTYPES = YES;
				CLANG_WARN_SUSPICIOUS_MOVE = YES;
				CLANG_WARN_UNGUARDED_AVAILABILITY = YES_AGGRESSIVE;
				CLANG_WARN_UNREACHABLE_CODE = YES;
				CLANG_WARN__DUPLICATE_METHOD_MATCH = YES;
				COPY_PHASE_STRIP = NO;
				DEBUG_INFORMATION_FORMAT = dwarf;
				ENABLE_STRICT_OBJC_MSGSEND = YES;
				ENABLE_TESTABILITY = YES;
				ENABLE_USER_SCRIPT_SANDBOXING = YES;
				GCC_C_LANGUAGE_STANDARD = gnu17;
				GCC_DYNAMIC_NO_PIC = NO;
				GCC_NO_COMMON_BLOCKS = YES;
				GCC_OPTIMIZATION_LEVEL = 0;
				GCC_PREPROCESSOR_DEFINITIONS = (
					"DEBUG=1",
					"$(inherited)",
				);
				GCC_WARN_64_TO_32_BIT_CONVERSION = YES;
				GCC_WARN_ABOUT_RETURN_TYPE = YES_ERROR;
				GCC_WARN_UNDECLARED_SELECTOR = YES;
				GCC_WARN_UNINITIALIZED_AUTOS = YES_AGGRESSIVE;
				GCC_WARN_UNUSED_FUNCTION = YES;
				GCC_WARN_UNUSED_VARIABLE = YES;
				IPHONEOS_DEPLOYMENT_TARGET = 17.0;
				LOCALIZATION_PREFERS_STRING_CATALOGS = YES;
				MTL_ENABLE_DEBUG_INFO = INCLUDE_SOURCE;
				MTL_FAST_MATH = YES;
				ONLY_ACTIVE_ARCH = YES;
				SDKROOT = iphoneos;
				SWIFT_ACTIVE_COMPILATION_CONDITIONS = "DEBUG $(inherited)";
				SWIFT_OPTIMIZATION_LEVEL = "-Onone";
			};
			name = Debug;
		};
		A7BC12723010FB9300DD3606 /* Release */ = {
			isa = XCBuildConfiguration;
			buildSettings = {
				ALWAYS_SEARCH_USER_PATHS = NO;
				ASSETCATALOG_COMPILER_GENERATE_SWIFT_ASSET_SYMBOL_EXTENSIONS = YES;
				CLANG_ANALYZER_NONNULL = YES;
				CLANG_ANALYZER_NUMBER_OBJECT_CONVERSION = YES_AGGRESSIVE;
				CLANG_CXX_LANGUAGE_STANDARD = "gnu++20";
				CLANG_ENABLE_MODULES = YES;
				CLANG_ENABLE_OBJC_ARC = YES;
				CLANG_ENABLE_OBJC_WEAK = YES;
				CLANG_WARN_BLOCK_CAPTURE_AUTORELEASING = YES;
				CLANG_WARN_BOOL_CONVERSION = YES;
				CLANG_WARN_COMMA = YES;
				CLANG_WARN_CONSTANT_CONVERSION = YES;
				CLANG_WARN_DEPRECATED_OBJC_IMPLEMENTATIONS = YES;
				CLANG_WARN_DIRECT_OBJC_ISA_USAGE = YES_ERROR;
				CLANG_WARN_DOCUMENTATION_COMMENTS = YES;
				CLANG_WARN_EMPTY_BODY = YES;
				CLANG_WARN_ENUM_CONVERSION = YES;
				CLANG_WARN_INFINITE_RECURSION = YES;
				CLANG_WARN_INT_CONVERSION = YES;
				CLANG_WARN_NON_LITERAL_NULL_CONVERSION = YES;
				CLANG_WARN_OBJC_IMPLICIT_RETAIN_SELF = YES;
				CLANG_WARN_OBJC_LITERAL_CONVERSION = YES;
				CLANG_WARN_OBJC_ROOT_CLASS = YES_ERROR;
				CLANG_WARN_QUOTED_INCLUDE_IN_FRAMEWORK_HEADER = YES;
				CLANG_WARN_RANGE_LOOP_ANALYSIS = YES;
				CLANG_WARN_STRICT_PROTOTYPES = YES;
				CLANG_WARN_SUSPICIOUS_MOVE = YES;
				CLANG_WARN_UNGUARDED_AVAILABILITY = YES_AGGRESSIVE;
				CLANG_WARN_UNREACHABLE_CODE = YES;
				CLANG_WARN__DUPLICATE_METHOD_MATCH = YES;
				COPY_PHASE_STRIP = NO;
				DEBUG_INFORMATION_FORMAT = "dwarf-with-dsym";
				ENABLE_NS_ASSERTIONS = NO;
				ENABLE_STRICT_OBJC_MSGSEND = YES;
				ENABLE_USER_SCRIPT_SANDBOXING = YES;
				GCC_C_LANGUAGE_STANDARD = gnu17;
				GCC_NO_COMMON_BLOCKS = YES;
				GCC_WARN_64_TO_32_BIT_CONVERSION = YES;
				GCC_WARN_ABOUT_RETURN_TYPE = YES_ERROR;
				GCC_WARN_UNDECLARED_SELECTOR = YES;
				GCC_WARN_UNINITIALIZED_AUTOS = YES_AGGRESSIVE;
				GCC_WARN_UNUSED_FUNCTION = YES;
				GCC_WARN_UNUSED_VARIABLE = YES;
				IPHONEOS_DEPLOYMENT_TARGET = 17.0;
				LOCALIZATION_PREFERS_STRING_CATALOGS = YES;
				MTL_ENABLE_DEBUG_INFO = NO;
				MTL_FAST_MATH = YES;
				SDKROOT = iphoneos;
				SWIFT_COMPILATION_MODE = wholemodule;
				VALIDATE_PRODUCT = YES;
			};
			name = Release;
		};
		A7BC12743010FB9300DD3606 /* Debug */ = {
			isa = XCBuildConfiguration;
			buildSettings = {
				ASSETCATALOG_COMPILER_GLOBAL_ACCENT_COLOR_NAME = AccentColor;
				CODE_SIGN_STYLE = Automatic;
				CURRENT_PROJECT_VERSION = 1;
				ENABLE_PREVIEWS = YES;
				GENERATE_INFOPLIST_FILE = YES;
				INFOPLIST_KEY_UIApplicationSceneManifest_Generation = YES;
				INFOPLIST_KEY_UIApplicationSupportsIndirectInputEvents = YES;
				INFOPLIST_KEY_UILaunchScreen_Generation = YES;
				INFOPLIST_KEY_UISupportedInterfaceOrientations_iPad = "UIInterfaceOrientationPortrait UIInterfaceOrientationPortraitUpsideDown UIInterfaceOrientationLandscapeLeft UIInterfaceOrientationLandscapeRight";
				INFOPLIST_KEY_UISupportedInterfaceOrientations_iPhone = "UIInterfaceOrientationPortrait UIInterfaceOrientationLandscapeLeft UIInterfaceOrientationLandscapeRight";
				LD_RUNPATH_SEARCH_PATHS = (
					"$(inherited)",
					"@executable_path/Frameworks",
				);
				MARKETING_VERSION = 1.0;
				PRODUCT_BUNDLE_IDENTIFIER = com.izzatismail.MidTrim;
				PRODUCT_NAME = "$(TARGET_NAME)";
				STRING_CATALOG_GENERATE_SYMBOLS = YES;
				SWIFT_EMIT_LOC_STRINGS = YES;
				SWIFT_STRICT_CONCURRENCY = complete;
				SWIFT_UPCOMING_FEATURE_MEMBER_IMPORT_VISIBILITY = YES;
				SWIFT_VERSION = 5.0;
				TARGETED_DEVICE_FAMILY = "1,2";
			};
			name = Debug;
		};
		A7BC12753010FB9300DD3606 /* Release */ = {
			isa = XCBuildConfiguration;
			buildSettings = {
				ASSETCATALOG_COMPILER_GLOBAL_ACCENT_COLOR_NAME = AccentColor;
				CODE_SIGN_STYLE = Automatic;
				CURRENT_PROJECT_VERSION = 1;
				ENABLE_PREVIEWS = YES;
				GENERATE_INFOPLIST_FILE = YES;
				INFOPLIST_KEY_UIApplicationSceneManifest_Generation = YES;
				INFOPLIST_KEY_UIApplicationSupportsIndirectInputEvents = YES;
				INFOPLIST_KEY_UILaunchScreen_Generation = YES;
				INFOPLIST_KEY_UISupportedInterfaceOrientations_iPad = "UIInterfaceOrientationPortrait UIInterfaceOrientationPortraitUpsideDown UIInterfaceOrientationLandscapeLeft UIInterfaceOrientationLandscapeRight";
				INFOPLIST_KEY_UISupportedInterfaceOrientations_iPhone = "UIInterfaceOrientationPortrait UIInterfaceOrientationLandscapeLeft UIInterfaceOrientationLandscapeRight";
				LD_RUNPATH_SEARCH_PATHS = (
					"$(inherited)",
					"@executable_path/Frameworks",
				);
				MARKETING_VERSION = 1.0;
				PRODUCT_BUNDLE_IDENTIFIER = com.izzatismail.MidTrim;
				PRODUCT_NAME = "$(TARGET_NAME)";
				STRING_CATALOG_GENERATE_SYMBOLS = YES;
				SWIFT_EMIT_LOC_STRINGS = YES;
				SWIFT_STRICT_CONCURRENCY = complete;
				SWIFT_UPCOMING_FEATURE_MEMBER_IMPORT_VISIBILITY = YES;
				SWIFT_VERSION = 5.0;
				TARGETED_DEVICE_FAMILY = "1,2";
			};
			name = Release;
		};
		A7BC12773010FB9300DD3606 /* Debug */ = {
			isa = XCBuildConfiguration;
			buildSettings = {
				BUNDLE_LOADER = "$(TEST_HOST)";
				CODE_SIGN_STYLE = Automatic;
				CURRENT_PROJECT_VERSION = 1;
				GENERATE_INFOPLIST_FILE = YES;
				IPHONEOS_DEPLOYMENT_TARGET = 17.0;
				MARKETING_VERSION = 1.0;
				PRODUCT_BUNDLE_IDENTIFIER = com.izzatismail.MidTrimTests;
				PRODUCT_NAME = "$(TARGET_NAME)";
				STRING_CATALOG_GENERATE_SYMBOLS = NO;
				SWIFT_EMIT_LOC_STRINGS = NO;
				SWIFT_STRICT_CONCURRENCY = complete;
				SWIFT_UPCOMING_FEATURE_MEMBER_IMPORT_VISIBILITY = YES;
				SWIFT_VERSION = 5.0;
				TARGETED_DEVICE_FAMILY = "1,2";
				TEST_HOST = "$(BUILT_PRODUCTS_DIR)/MidTrim.app/$(BUNDLE_EXECUTABLE_FOLDER_PATH)/MidTrim";
			};
			name = Debug;
		};
		A7BC12783010FB9300DD3606 /* Release */ = {
			isa = XCBuildConfiguration;
			buildSettings = {
				BUNDLE_LOADER = "$(TEST_HOST)";
				CODE_SIGN_STYLE = Automatic;
				CURRENT_PROJECT_VERSION = 1;
				GENERATE_INFOPLIST_FILE = YES;
				IPHONEOS_DEPLOYMENT_TARGET = 17.0;
				MARKETING_VERSION = 1.0;
				PRODUCT_BUNDLE_IDENTIFIER = com.izzatismail.MidTrimTests;
				PRODUCT_NAME = "$(TARGET_NAME)";
				STRING_CATALOG_GENERATE_SYMBOLS = NO;
				SWIFT_EMIT_LOC_STRINGS = NO;
				SWIFT_STRICT_CONCURRENCY = complete;
				SWIFT_UPCOMING_FEATURE_MEMBER_IMPORT_VISIBILITY = YES;
				SWIFT_VERSION = 5.0;
				TARGETED_DEVICE_FAMILY = "1,2";
				TEST_HOST = "$(BUILT_PRODUCTS_DIR)/MidTrim.app/$(BUNDLE_EXECUTABLE_FOLDER_PATH)/MidTrim";
			};
			name = Release;
		};
		A7BC127A3010FB9300DD3606 /* Debug */ = {
			isa = XCBuildConfiguration;
			buildSettings = {
				CODE_SIGN_STYLE = Automatic;
				CURRENT_PROJECT_VERSION = 1;
				GENERATE_INFOPLIST_FILE = YES;
				MARKETING_VERSION = 1.0;
				PRODUCT_BUNDLE_IDENTIFIER = com.izzatismail.MidTrimUITests;
				PRODUCT_NAME = "$(TARGET_NAME)";
				STRING_CATALOG_GENERATE_SYMBOLS = NO;
				SWIFT_EMIT_LOC_STRINGS = NO;
				SWIFT_STRICT_CONCURRENCY = complete;
				SWIFT_UPCOMING_FEATURE_MEMBER_IMPORT_VISIBILITY = YES;
				SWIFT_VERSION = 5.0;
				TARGETED_DEVICE_FAMILY = "1,2";
				TEST_TARGET_NAME = MidTrim;
			};
			name = Debug;
		};
		A7BC127B3010FB9300DD3606 /* Release */ = {
			isa = XCBuildConfiguration;
			buildSettings = {
				CODE_SIGN_STYLE = Automatic;
				CURRENT_PROJECT_VERSION = 1;
				GENERATE_INFOPLIST_FILE = YES;
				MARKETING_VERSION = 1.0;
				PRODUCT_BUNDLE_IDENTIFIER = com.izzatismail.MidTrimUITests;
				PRODUCT_NAME = "$(TARGET_NAME)";
				STRING_CATALOG_GENERATE_SYMBOLS = NO;
				SWIFT_EMIT_LOC_STRINGS = NO;
				SWIFT_STRICT_CONCURRENCY = complete;
				SWIFT_UPCOMING_FEATURE_MEMBER_IMPORT_VISIBILITY = YES;
				SWIFT_VERSION = 5.0;
				TARGETED_DEVICE_FAMILY = "1,2";
				TEST_TARGET_NAME = MidTrim;
			};
			name = Release;
		};
/* End XCBuildConfiguration section */

/* Begin XCConfigurationList section */
		A7BC124D3010FB9200DD3606 /* Build configuration list for PBXProject "MidTrim" */ = {
			isa = XCConfigurationList;
			buildConfigurations = (
				A7BC12713010FB9300DD3606 /* Debug */,
				A7BC12723010FB9300DD3606 /* Release */,
			);
			defaultConfigurationIsVisible = 0;
			defaultConfigurationName = Release;
		};
		A7BC12733010FB9300DD3606 /* Build configuration list for PBXNativeTarget "MidTrim" */ = {
			isa = XCConfigurationList;
			buildConfigurations = (
				A7BC12743010FB9300DD3606 /* Debug */,
				A7BC12753010FB9300DD3606 /* Release */,
			);
			defaultConfigurationIsVisible = 0;
			defaultConfigurationName = Release;
		};
		A7BC12763010FB9300DD3606 /* Build configuration list for PBXNativeTarget "MidTrimTests" */ = {
			isa = XCConfigurationList;
			buildConfigurations = (
				A7BC12773010FB9300DD3606 /* Debug */,
				A7BC12783010FB9300DD3606 /* Release */,
			);
			defaultConfigurationIsVisible = 0;
			defaultConfigurationName = Release;
		};
		A7BC12793010FB9300DD3606 /* Build configuration list for PBXNativeTarget "MidTrimUITests" */ = {
			isa = XCConfigurationList;
			buildConfigurations = (
				A7BC127A3010FB9300DD3606 /* Debug */,
				A7BC127B3010FB9300DD3606 /* Release */,
			);
			defaultConfigurationIsVisible = 0;
			defaultConfigurationName = Release;
		};
/* End XCConfigurationList section */
	};
	rootObject = A7BC124A3010FB9200DD3606 /* Project object */;
}
